// !$*UTF8*$!
{
	archiveVersion = 1;
	classes = {
	};
	objectVersion = 73;
	objects = {

/* Begin PBXContainerItemProxy section */
		CE452FA82A7CA810001945B9 /* PBXContainerItemProxy */ = {
			isa = PBXContainerItemProxy;
			containerPortal = CE7F47E628B758900082B197 /* Project object */;
			proxyType = 1;
			remoteGlobalIDString = CE7F481328B758920082B197;
			remoteInfo = "ToyFlightSimulator macOS";
		};
/* End PBXContainerItemProxy section */

/* Begin PBXFileReference section */
		CE07DE432D951748000829FF /* ToyFlightSimulator macOS.xctestplan */ = {isa = PBXFileReference; lastKnownFileType = text; path = "ToyFlightSimulator macOS.xctestplan"; sourceTree = "<group>"; };
		CE452FA42A7CA810001945B9 /* ToyFlightSimulatorTests.xctest */ = {isa = PBXFileReference; explicitFileType = wrapper.cfbundle; includeInIndex = 0; path = ToyFlightSimulatorTests.xctest; sourceTree = BUILT_PRODUCTS_DIR; };
		CE7F47F328B758920082B197 /* ToyFlightSimulator.app */ = {isa = PBXFileReference; explicitFileType = wrapper.application; includeInIndex = 0; path = ToyFlightSimulator.app; sourceTree = BUILT_PRODUCTS_DIR; };
		CE7F480428B758920082B197 /* ToyFlightSimulator.app */ = {isa = PBXFileReference; explicitFileType = wrapper.application; includeInIndex = 0; path = ToyFlightSimulator.app; sourceTree = BUILT_PRODUCTS_DIR; };
		CE7F481428B758920082B197 /* ToyFlightSimulator.app */ = {isa = PBXFileReference; explicitFileType = wrapper.application; includeInIndex = 0; path = ToyFlightSimulator.app; sourceTree = BUILT_PRODUCTS_DIR; };
/* End PBXFileReference section */

/* Begin PBXFileSystemSynchronizedBuildFileExceptionSet section */
		CE8071482F4554AA00ECFAC5 /* PBXFileSystemSynchronizedBuildFileExceptionSet */ = {
			isa = PBXFileSystemSynchronizedBuildFileExceptionSet;
			membershipExceptions = (
				"ToyFlightSimulator-iOS-Info.plist",
			);
			target = CE7F47F228B758920082B197 /* ToyFlightSimulator iOS */;
		};
		CE8071492F4554AA00ECFAC5 /* PBXFileSystemSynchronizedBuildFileExceptionSet */ = {
			isa = PBXFileSystemSynchronizedBuildFileExceptionSet;
			membershipExceptions = (
				"ToyFlightSimulator-macOS-Info.plist",
			);
			target = CE7F481328B758920082B197 /* ToyFlightSimulator macOS */;
		};
		CEA8DF5E2F0F8E9F0058B5EA /* PBXFileSystemSynchronizedBuildFileExceptionSet */ = {
			isa = PBXFileSystemSynchronizedBuildFileExceptionSet;
			membershipExceptions = (
				Core/Input/HIDDevice.swift,
				Core/Input/HotasConfig.swift,
				Core/Input/Joystick.swift,
				Core/Input/Throttle.swift,
			);
			target = CE7F47F228B758920082B197 /* ToyFlightSimulator iOS */;
		};
		CEA8DF602F0F8E9F0058B5EA /* PBXFileSystemSynchronizedBuildFileExceptionSet */ = {
			isa = PBXFileSystemSynchronizedBuildFileExceptionSet;
			membershipExceptions = (
				Core/Engine.swift,
				Core/Input/HIDDevice.swift,
				Core/Input/HotasConfig.swift,
				Core/Input/Joystick.swift,
				Core/Input/Keyboard.swift,
				Core/Input/Keycodes.swift,
				Core/Input/MotionDevice.swift,
				Core/Input/Mouse.swift,
				Core/Input/Throttle.swift,
				Core/Preferences.swift,
				Core/Resources/Models/CGTrader/F35/F35_JSF.usdc,
				"Core/Resources/Models/CGTrader/F35/textures/Joint Strike Body Diffuse.jpg",
				"Core/Resources/Models/CGTrader/F35/textures/Joint Strike Body Illumination.jpg",
				"Core/Resources/Models/CGTrader/F35/textures/Joint Strike Body Normal.jpg",
				"Core/Resources/Models/CGTrader/F35/textures/Joint Strike Body Reflection.jpg",
				"Core/Resources/Models/CGTrader/F35/textures/Joint Strike Body Specular.jpg",
				"Core/Resources/Models/CGTrader/F35/textures/Joint Strike Interior Diffuse.jpg",
				"Core/Resources/Models/CGTrader/F35/textures/Joint Strike Interior Illumination.jpg",
				"Core/Resources/Models/CGTrader/F35/textures/Joint Strike Interior Normal.jpg",
				"Core/Resources/Models/CGTrader/F35/textures/Joint Strike Interior Reflection.jpg",
				"Core/Resources/Models/CGTrader/F35/textures/Joint Strike Interior Specular.jpg",
				"Core/Resources/Models/CGTrader/F35/textures/Pilot Diffuse .jpg",
				"Core/Resources/Models/CGTrader/F35/textures/Pilot Normal.jpg",
				"Core/Resources/Models/CGTrader/F35/textures/Pilot Specular.jpg",
				"Core/Resources/Models/RealityConverter/FA-18F.usdz",
				"Core/Resources/Models/Sketchfab/F-22_Raptor.usdz",
				"Core/Resources/Models/Sketchfab/F-35A_Lightning_II.usdz",
				Core/Threads/AudioThread.swift,
				Core/Threads/TFSThread.swift,
				Core/Threads/UpdateThread.swift,
				GameObjects/CapsuleObject.swift,
				GameObjects/F18_usdz.swift,
				GameObjects/F22.swift,
				GameObjects/F35.swift,
				GameObjects/Icosahedron.swift,
				GameObjects/PointLightObject.swift,
				Graphics/Graphics.swift,
				Managers/SceneManager.swift,
			);
			target = CE7F480328B758920082B197 /* ToyFlightSimulator tvOS */;
		};
		CEA8DF622F0F8E9F0058B5EA /* PBXFileSystemSynchronizedBuildFileExceptionSet */ = {
			isa = PBXFileSystemSynchronizedBuildFileExceptionSet;
			membershipExceptions = (
				Core/Input/MotionDevice.swift,
			);
			target = CE7F481328B758920082B197 /* ToyFlightSimulator macOS */;
		};
		CEA8DF642F0F8E9F0058B5EA /* PBXFileSystemSynchronizedBuildFileExceptionSet */ = {
			isa = PBXFileSystemSynchronizedBuildFileExceptionSet;
			membershipExceptions = (
				Assets/Assets.xcassets,
				Core/Resources/Audio/Music/LightningSpeed.mp3,
				Core/Resources/Audio/Music/SunsetGlow.mp3,
				Core/Resources/Models/F16/f16.mtl,
				Core/Resources/Models/F16/f16.obj,
				Core/Resources/Models/F16/f16r.mtl,
				Core/Resources/Models/F16/f16r.obj,
				Core/Resources/Models/F16/F16s.bmp,
				Core/Resources/Models/F16/F16t.bmp,
				Core/Resources/Models/F18/Bumpmap.jpg,
				Core/Resources/Models/F18/Diffuse.jpg,
				Core/Resources/Models/F18/Dirty.jpg,
				Core/Resources/Models/F18/Emissive.jpg,
				"Core/Resources/Models/F18/FA-18F.mtl",
				"Core/Resources/Models/F18/FA-18F.obj",
				Core/Resources/Models/F18/Specular.jpg,
				Core/Resources/Models/F18/UV.pdf,
				Core/Resources/Models/Quad/normal_example.png,
				Core/Resources/Models/Quad/quad.mtl,
				Core/Resources/Models/Quad/quad.obj,
				Core/Resources/Models/Skysphere/clouds.png,
				Core/Resources/Models/Skysphere/skysphere.obj,
				Core/Resources/Models/Sphere/sphere.mtl,
				Core/Resources/Models/Sphere/sphere.obj,
			);
			target = CE452FA32A7CA810001945B9 /* ToyFlightSimulatorTests */;
		};
/* End PBXFileSystemSynchronizedBuildFileExceptionSet section */

/* Begin PBXFileSystemSynchronizedGroupBuildPhaseMembershipExceptionSet section */
		CEA8DF5F2F0F8E9F0058B5EA /* PBXFileSystemSynchronizedGroupBuildPhaseMembershipExceptionSet */ = {
			isa = PBXFileSystemSynchronizedGroupBuildPhaseMembershipExceptionSet;
			buildPhase = CE7F47EF28B758920082B197 /* Sources */;
			membershipExceptions = (
				Graphics/Shaders/ShaderDefinitions.h,
			);
		};
		CEA8DF612F0F8E9F0058B5EA /* PBXFileSystemSynchronizedGroupBuildPhaseMembershipExceptionSet */ = {
			isa = PBXFileSystemSynchronizedGroupBuildPhaseMembershipExceptionSet;
			buildPhase = CE7F480028B758920082B197 /* Sources */;
			membershipExceptions = (
				Graphics/Shaders/ShaderDefinitions.h,
			);
		};
		CEA8DF632F0F8E9F0058B5EA /* PBXFileSystemSynchronizedGroupBuildPhaseMembershipExceptionSet */ = {
			isa = PBXFileSystemSynchronizedGroupBuildPhaseMembershipExceptionSet;
			buildPhase = CE7F481028B758920082B197 /* Sources */;
			membershipExceptions = (
				Graphics/Shaders/ShaderDefinitions.h,
			);
		};
		CEA8DF652F0F8E9F0058B5EA /* PBXFileSystemSynchronizedGroupBuildPhaseMembershipExceptionSet */ = {
			isa = PBXFileSystemSynchronizedGroupBuildPhaseMembershipExceptionSet;
			buildPhase = CE452FA02A7CA810001945B9 /* Sources */;
			membershipExceptions = (
				Graphics/Shaders/ShaderDefinitions.h,
			);
		};
/* End PBXFileSystemSynchronizedGroupBuildPhaseMembershipExceptionSet section */

/* Begin PBXFileSystemSynchronizedRootGroup section */
		CEA8DBDD2F0F8E9F0058B5EA /* ToyFlightSimulator Shared */ = {isa = PBXFileSystemSynchronizedRootGroup; exceptions = (CEA8DF5E2F0F8E9F0058B5EA /* PBXFileSystemSynchronizedBuildFileExceptionSet */, CEA8DF5F2F0F8E9F0058B5EA /* PBXFileSystemSynchronizedGroupBuildPhaseMembershipExceptionSet */, CEA8DF602F0F8E9F0058B5EA /* PBXFileSystemSynchronizedBuildFileExceptionSet */, CEA8DF612F0F8E9F0058B5EA /* PBXFileSystemSynchronizedGroupBuildPhaseMembershipExceptionSet */, CEA8DF622F0F8E9F0058B5EA /* PBXFileSystemSynchronizedBuildFileExceptionSet */, CEA8DF632F0F8E9F0058B5EA /* PBXFileSystemSynchronizedGroupBuildPhaseMembershipExceptionSet */, CEA8DF642F0F8E9F0058B5EA /* PBXFileSystemSynchronizedBuildFileExceptionSet */, CEA8DF652F0F8E9F0058B5EA /* PBXFileSystemSynchronizedGroupBuildPhaseMembershipExceptionSet */, ); explicitFileTypes = {}; explicitFolders = (); path = "ToyFlightSimulator Shared"; sourceTree = "<group>"; };
		CEA8DF6C2F0F8EBC0058B5EA /* ToyFlightSimulator tvOS */ = {isa = PBXFileSystemSynchronizedRootGroup; explicitFileTypes = {}; explicitFolders = (); path = "ToyFlightSimulator tvOS"; sourceTree = "<group>"; };
		CEA8DF732F0F8ED50058B5EA /* ToyFlightSimulatorTests */ = {isa = PBXFileSystemSynchronizedRootGroup; explicitFileTypes = {}; explicitFolders = (); path = ToyFlightSimulatorTests; sourceTree = "<group>"; };
		CEA8DF842F0F90DD0058B5EA /* ToyFlightSimulator macOS */ = {isa = PBXFileSystemSynchronizedRootGroup; exceptions = (CE8071492F4554AA00ECFAC5 /* PBXFileSystemSynchronizedBuildFileExceptionSet */, ); explicitFileTypes = {}; explicitFolders = (); path = "ToyFlightSimulator macOS"; sourceTree = "<group>"; };
		CEA8DF942F0F91010058B5EA /* ToyFlightSimulator iOS */ = {isa = PBXFileSystemSynchronizedRootGroup; exceptions = (CE8071482F4554AA00ECFAC5 /* PBXFileSystemSynchronizedBuildFileExceptionSet */, ); explicitFileTypes = {}; explicitFolders = (); path = "ToyFlightSimulator iOS"; sourceTree = "<group>"; };
/* End PBXFileSystemSynchronizedRootGroup section */

/* Begin PBXFrameworksBuildPhase section */
		CE452FA12A7CA810001945B9 /* Frameworks */ = {
			isa = PBXFrameworksBuildPhase;
			buildActionMask = 2147483647;
			files = (
			);
			runOnlyForDeploymentPostprocessing = 0;
		};
		CE7F47F028B758920082B197 /* Frameworks */ = {
			isa = PBXFrameworksBuildPhase;
			buildActionMask = 2147483647;
			files = (
			);
			runOnlyForDeploymentPostprocessing = 0;
		};
		CE7F480128B758920082B197 /* Frameworks */ = {
			isa = PBXFrameworksBuildPhase;
			buildActionMask = 2147483647;
			files = (
			);
			runOnlyForDeploymentPostprocessing = 0;
		};
		CE7F481128B758920082B197 /* Frameworks */ = {
			isa = PBXFrameworksBuildPhase;
			buildActionMask = 2147483647;
			files = (
			);
			runOnlyForDeploymentPostprocessing = 0;
		};
/* End PBXFrameworksBuildPhase section */

/* Begin PBXGroup section */
		CE7F47E528B758900082B197 = {
			isa = PBXGroup;
			children = (
				CE07DE432D951748000829FF /* ToyFlightSimulator macOS.xctestplan */,
				CEA8DBDD2F0F8E9F0058B5EA /* ToyFlightSimulator Shared */,
				CEA8DF942F0F91010058B5EA /* ToyFlightSimulator iOS */,
				CEA8DF6C2F0F8EBC0058B5EA /* ToyFlightSimulator tvOS */,
				CEA8DF842F0F90DD0058B5EA /* ToyFlightSimulator macOS */,
				CEA8DF732F0F8ED50058B5EA /* ToyFlightSimulatorTests */,
				CE7F47F428B758920082B197 /* Products */,
			);
			sourceTree = "<group>";
		};
		CE7F47F428B758920082B197 /* Products */ = {
			isa = PBXGroup;
			children = (
				CE7F47F328B758920082B197 /* ToyFlightSimulator.app */,
				CE7F480428B758920082B197 /* ToyFlightSimulator.app */,
				CE7F481428B758920082B197 /* ToyFlightSimulator.app */,
				CE452FA42A7CA810001945B9 /* ToyFlightSimulatorTests.xctest */,
			);
			name = Products;
			sourceTree = "<group>";
		};
/* End PBXGroup section */

/* Begin PBXNativeTarget section */
		CE452FA32A7CA810001945B9 /* ToyFlightSimulatorTests */ = {
			isa = PBXNativeTarget;
			buildConfigurationList = CE452FAA2A7CA810001945B9 /* Build configuration list for PBXNativeTarget "ToyFlightSimulatorTests" */;
			buildPhases = (
				CE452FA02A7CA810001945B9 /* Sources */,
				CE452FA12A7CA810001945B9 /* Frameworks */,
				CE452FA22A7CA810001945B9 /* Resources */,
			);
			buildRules = (
			);
			dependencies = (
				CE452FA92A7CA810001945B9 /* PBXTargetDependency */,
			);
			fileSystemSynchronizedGroups = (
				CEA8DBDD2F0F8E9F0058B5EA /* ToyFlightSimulator Shared */,
				CEA8DF732F0F8ED50058B5EA /* ToyFlightSimulatorTests */,
			);
			name = ToyFlightSimulatorTests;
			productName = ToyFlightSimulatorMacTests;
			productReference = CE452FA42A7CA810001945B9 /* ToyFlightSimulatorTests.xctest */;
			productType = "com.apple.product-type.bundle.unit-test";
		};
		CE7F47F228B758920082B197 /* ToyFlightSimulator iOS */ = {
			isa = PBXNativeTarget;
			buildConfigurationList = CE7F482C28B758920082B197 /* Build configuration list for PBXNativeTarget "ToyFlightSimulator iOS" */;
			buildPhases = (
				CE7F47EF28B758920082B197 /* Sources */,
				CE7F47F028B758920082B197 /* Frameworks */,
				CE7F47F128B758920082B197 /* Resources */,
			);
			buildRules = (
			);
			dependencies = (
			);
			fileSystemSynchronizedGroups = (
				CEA8DBDD2F0F8E9F0058B5EA /* ToyFlightSimulator Shared */,
				CEA8DF942F0F91010058B5EA /* ToyFlightSimulator iOS */,
			);
			name = "ToyFlightSimulator iOS";
			productName = "ToyFlightSimulator iOS";
			productReference = CE7F47F328B758920082B197 /* ToyFlightSimulator.app */;
			productType = "com.apple.product-type.application";
		};
		CE7F480328B758920082B197 /* ToyFlightSimulator tvOS */ = {
			isa = PBXNativeTarget;
			buildConfigurationList = CE7F482F28B758920082B197 /* Build configuration list for PBXNativeTarget "ToyFlightSimulator tvOS" */;
			buildPhases = (
				CE7F480028B758920082B197 /* Sources */,
				CE7F480128B758920082B197 /* Frameworks */,
				CE7F480228B758920082B197 /* Resources */,
			);
			buildRules = (
			);
			dependencies = (
			);
			fileSystemSynchronizedGroups = (
				CEA8DBDD2F0F8E9F0058B5EA /* ToyFlightSimulator Shared */,
				CEA8DF6C2F0F8EBC0058B5EA /* ToyFlightSimulator tvOS */,
			);
			name = "ToyFlightSimulator tvOS";
			productName = "ToyFlightSimulator tvOS";
			productReference = CE7F480428B758920082B197 /* ToyFlightSimulator.app */;
			productType = "com.apple.product-type.application";
		};
		CE7F481328B758920082B197 /* ToyFlightSimulator macOS */ = {
			isa = PBXNativeTarget;
			buildConfigurationList = CE7F483228B758920082B197 /* Build configuration list for PBXNativeTarget "ToyFlightSimulator macOS" */;
			buildPhases = (
				CE7F481028B758920082B197 /* Sources */,
				CE7F481128B758920082B197 /* Frameworks */,
				CE7F481228B758920082B197 /* Resources */,
			);
			buildRules = (
			);
			dependencies = (
			);
			fileSystemSynchronizedGroups = (
				CEA8DBDD2F0F8E9F0058B5EA /* ToyFlightSimulator Shared */,
				CEA8DF842F0F90DD0058B5EA /* ToyFlightSimulator macOS */,
			);
			name = "ToyFlightSimulator macOS";
			productName = "ToyFlightSimulator macOS";
			productReference = CE7F481428B758920082B197 /* ToyFlightSimulator.app */;
			productType = "com.apple.product-type.application";
		};
/* End PBXNativeTarget section */

/* Begin PBXProject section */
		CE7F47E628B758900082B197 /* Project object */ = {
			isa = PBXProject;
			attributes = {
				BuildIndependentTargetsInParallel = 1;
				LastSwiftUpdateCheck = 1430;
				LastUpgradeCheck = 2620;
				TargetAttributes = {
					CE452FA32A7CA810001945B9 = {
						CreatedOnToolsVersion = 14.3.1;
					};
					CE7F47F228B758920082B197 = {
						CreatedOnToolsVersion = 13.4.1;
					};
					CE7F480328B758920082B197 = {
						CreatedOnToolsVersion = 13.4.1;
					};
					CE7F481328B758920082B197 = {
						CreatedOnToolsVersion = 13.4.1;
					};
				};
			};
			buildConfigurationList = CE7F47E928B758900082B197 /* Build configuration list for PBXProject "ToyFlightSimulator" */;
			developmentRegion = en;
			hasScannedForEncodings = 0;
			knownRegions = (
				en,
				Base,
			);
			mainGroup = CE7F47E528B758900082B197;
			preferredProjectObjectVersion = 60;
			productRefGroup = CE7F47F428B758920082B197 /* Products */;
			projectDirPath = "";
			projectRoot = "";
			targets = (
				CE7F47F228B758920082B197 /* ToyFlightSimulator iOS */,
				CE7F480328B758920082B197 /* ToyFlightSimulator tvOS */,
				CE7F481328B758920082B197 /* ToyFlightSimulator macOS */,
				CE452FA32A7CA810001945B9 /* ToyFlightSimulatorTests */,
			);
		};
/* End PBXProject section */

/* Begin PBXResourcesBuildPhase section */
		CE452FA22A7CA810001945B9 /* Resources */ = {
			isa = PBXResourcesBuildPhase;
			buildActionMask = 2147483647;
			files = (
			);
			runOnlyForDeploymentPostprocessing = 0;
		};
		CE7F47F128B758920082B197 /* Resources */ = {
			isa = PBXResourcesBuildPhase;
			buildActionMask = 2147483647;
			files = (
			);
			runOnlyForDeploymentPostprocessing = 0;
		};
		CE7F480228B758920082B197 /* Resources */ = {
			isa = PBXResourcesBuildPhase;
			buildActionMask = 2147483647;
			files = (
			);
			runOnlyForDeploymentPostprocessing = 0;
		};
		CE7F481228B758920082B197 /* Resources */ = {
			isa = PBXResourcesBuildPhase;
			buildActionMask = 2147483647;
			files = (
			);
			runOnlyForDeploymentPostprocessing = 0;
		};
/* End PBXResourcesBuildPhase section */

/* Begin PBXSourcesBuildPhase section */
		CE452FA02A7CA810001945B9 /* Sources */ = {
			isa = PBXSourcesBuildPhase;
			buildActionMask = 2147483647;
			files = (
			);
			runOnlyForDeploymentPostprocessing = 0;
		};
		CE7F47EF28B758920082B197 /* Sources */ = {
			isa = PBXSourcesBuildPhase;
			buildActionMask = 2147483647;
			files = (
			);
			runOnlyForDeploymentPostprocessing = 0;
		};
		CE7F480028B758920082B197 /* Sources */ = {
			isa = PBXSourcesBuildPhase;
			buildActionMask = 2147483647;
			files = (
			);
			runOnlyForDeploymentPostprocessing = 0;
		};
		CE7F481028B758920082B197 /* Sources */ = {
			isa = PBXSourcesBuildPhase;
			buildActionMask = 2147483647;
			files = (
			);
			runOnlyForDeploymentPostprocessing = 0;
		};
/* End PBXSourcesBuildPhase section */

/* Begin PBXTargetDependency section */
		CE452FA92A7CA810001945B9 /* PBXTargetDependency */ = {
			isa = PBXTargetDependency;
			target = CE7F481328B758920082B197 /* ToyFlightSimulator macOS */;
			targetProxy = CE452FA82A7CA810001945B9 /* PBXContainerItemProxy */;
		};
/* End PBXTargetDependency section */

/* Begin XCBuildConfiguration section */
		CE452FAB2A7CA810001945B9 /* Debug */ = {
			isa = XCBuildConfiguration;
			buildSettings = {
				CLANG_CXX_LANGUAGE_STANDARD = "gnu++20";
				CODE_SIGN_STYLE = Automatic;
				CURRENT_PROJECT_VERSION = 1;
				GENERATE_INFOPLIST_FILE = YES;
				IPHONEOS_DEPLOYMENT_TARGET = 18.0;
				MACOSX_DEPLOYMENT_TARGET = 15.0;
				MARKETING_VERSION = 1.0;
				PRODUCT_BUNDLE_IDENTIFIER = com.tinoml.dev.ToyFlightSimulatorMacTests;
				PRODUCT_NAME = "$(TARGET_NAME)";
				SDKROOT = auto;
				SUPPORTED_PLATFORMS = "iphoneos iphonesimulator macosx";
				SWIFT_EMIT_LOC_STRINGS = NO;
				SWIFT_VERSION = 6.0;
				TARGETED_DEVICE_FAMILY = "1,2";
			};
			name = Debug;
		};
		CE452FAC2A7CA810001945B9 /* Release */ = {
			isa = XCBuildConfiguration;
			buildSettings = {
				CLANG_CXX_LANGUAGE_STANDARD = "gnu++20";
				CODE_SIGN_STYLE = Automatic;
				CURRENT_PROJECT_VERSION = 1;
				GENERATE_INFOPLIST_FILE = YES;
				IPHONEOS_DEPLOYMENT_TARGET = 18.0;
				MACOSX_DEPLOYMENT_TARGET = 15.0;
				MARKETING_VERSION = 1.0;
				PRODUCT_BUNDLE_IDENTIFIER = com.tinoml.dev.ToyFlightSimulatorMacTests;
				PRODUCT_NAME = "$(TARGET_NAME)";
				SDKROOT = auto;
				SUPPORTED_PLATFORMS = "iphoneos iphonesimulator macosx";
				SWIFT_EMIT_LOC_STRINGS = NO;
				SWIFT_VERSION = 6.0;
				TARGETED_DEVICE_FAMILY = "1,2";
			};
			name = Release;
		};
		CE7F482A28B758920082B197 /* Debug */ = {
			isa = XCBuildConfiguration;
			buildSettings = {
				ALWAYS_SEARCH_USER_PATHS = NO;
				ASSETCATALOG_COMPILER_GENERATE_SWIFT_ASSET_SYMBOL_EXTENSIONS = YES;
				CLANG_ANALYZER_NONNULL = YES;
				CLANG_ANALYZER_NUMBER_OBJECT_CONVERSION = YES_AGGRESSIVE;
				CLANG_CXX_LANGUAGE_STANDARD = "gnu++17";
				CLANG_ENABLE_MODULES = YES;
				CLANG_ENABLE_OBJC_ARC = YES;
				CLANG_ENABLE_OBJC_WEAK = YES;
				CLANG_WARN_BLOCK_CAPTURE_AUTORELEASING = YES;
				CLANG_WARN_BOOL_CONVERSION = YES;
				CLANG_WARN_COMMA = YES;
				CLANG_WARN_CONSTANT_CONVERSION = YES;
				CLANG_WARN_DEPRECATED_OBJC_IMPLEMENTATIONS = YES;
				CLANG_WARN_DIRECT_OBJC_ISA_USAGE = YES_ERROR;
				CLANG_WARN_DOCUMENTATION_COMMENTS = YES;
				CLANG_WARN_EMPTY_BODY = YES;
				CLANG_WARN_ENUM_CONVERSION = YES;
				CLANG_WARN_INFINITE_RECURSION = YES;
				CLANG_WARN_INT_CONVERSION = YES;
				CLANG_WARN_NON_LITERAL_NULL_CONVERSION = YES;
				CLANG_WARN_OBJC_IMPLICIT_RETAIN_SELF = YES;
				CLANG_WARN_OBJC_LITERAL_CONVERSION = YES;
				CLANG_WARN_OBJC_ROOT_CLASS = YES_ERROR;
				CLANG_WARN_QUOTED_INCLUDE_IN_FRAMEWORK_HEADER = YES;
				CLANG_WARN_RANGE_LOOP_ANALYSIS = YES;
				CLANG_WARN_STRICT_PROTOTYPES = YES;
				CLANG_WARN_SUSPICIOUS_MOVE = YES;
				CLANG_WARN_UNGUARDED_AVAILABILITY = YES_AGGRESSIVE;
				CLANG_WARN_UNREACHABLE_CODE = YES;
				CLANG_WARN__DUPLICATE_METHOD_MATCH = YES;
				COPY_PHASE_STRIP = NO;
				DEAD_CODE_STRIPPING = YES;
				DEBUG_INFORMATION_FORMAT = dwarf;
				DEVELOPMENT_TEAM = W6KXUJP8M6;
				ENABLE_STRICT_OBJC_MSGSEND = YES;
				ENABLE_TESTABILITY = YES;
				ENABLE_USER_SCRIPT_SANDBOXING = YES;
				GCC_C_LANGUAGE_STANDARD = gnu11;
				GCC_DYNAMIC_NO_PIC = NO;
				GCC_NO_COMMON_BLOCKS = YES;
				GCC_OPTIMIZATION_LEVEL = 0;
				GCC_PREPROCESSOR_DEFINITIONS = (
					"DEBUG=1",
					"$(inherited)",
				);
				GCC_WARN_64_TO_32_BIT_CONVERSION = YES;
				GCC_WARN_ABOUT_RETURN_TYPE = YES_ERROR;
				GCC_WARN_UNDECLARED_SELECTOR = YES;
				GCC_WARN_UNINITIALIZED_AUTOS = YES_AGGRESSIVE;
				GCC_WARN_UNUSED_FUNCTION = YES;
				GCC_WARN_UNUSED_VARIABLE = YES;
				IPHONEOS_DEPLOYMENT_TARGET = 16.0;
				MACOSX_DEPLOYMENT_TARGET = 14.0;
				MTL_ENABLE_DEBUG_INFO = INCLUDE_SOURCE;
				MTL_FAST_MATH = YES;
				ONLY_ACTIVE_ARCH = YES;
				STRING_CATALOG_GENERATE_SYMBOLS = YES;
				SWIFT_ACTIVE_COMPILATION_CONDITIONS = DEBUG;
				SWIFT_OBJC_BRIDGING_HEADER = "ToyFlightSimulator Shared/Graphics/Shaders/TFSCommon.h";
				SWIFT_OPTIMIZATION_LEVEL = "-Onone";
				SWIFT_STRICT_CONCURRENCY = complete;
				SWIFT_VERSION = 6.0;
			};
			name = Debug;
		};
		CE7F482B28B758920082B197 /* Release */ = {
			isa = XCBuildConfiguration;
			buildSettings = {
				ALWAYS_SEARCH_USER_PATHS = NO;
				ASSETCATALOG_COMPILER_GENERATE_SWIFT_ASSET_SYMBOL_EXTENSIONS = YES;
				CLANG_ANALYZER_NONNULL = YES;
				CLANG_ANALYZER_NUMBER_OBJECT_CONVERSION = YES_AGGRESSIVE;
				CLANG_CXX_LANGUAGE_STANDARD = "gnu++17";
				CLANG_ENABLE_MODULES = YES;
				CLANG_ENABLE_OBJC_ARC = YES;
				CLANG_ENABLE_OBJC_WEAK = YES;
				CLANG_WARN_BLOCK_CAPTURE_AUTORELEASING = YES;
				CLANG_WARN_BOOL_CONVERSION = YES;
				CLANG_WARN_COMMA = YES;
				CLANG_WARN_CONSTANT_CONVERSION = YES;
				CLANG_WARN_DEPRECATED_OBJC_IMPLEMENTATIONS = YES;
				CLANG_WARN_DIRECT_OBJC_ISA_USAGE = YES_ERROR;
				CLANG_WARN_DOCUMENTATION_COMMENTS = YES;
				CLANG_WARN_EMPTY_BODY = YES;
				CLANG_WARN_ENUM_CONVERSION = YES;
				CLANG_WARN_INFINITE_RECURSION = YES;
				CLANG_WARN_INT_CONVERSION = YES;
				CLANG_WARN_NON_LITERAL_NULL_CONVERSION = YES;
				CLANG_WARN_OBJC_IMPLICIT_RETAIN_SELF = YES;
				CLANG_WARN_OBJC_LITERAL_CONVERSION = YES;
				CLANG_WARN_OBJC_ROOT_CLASS = YES_ERROR;
				CLANG_WARN_QUOTED_INCLUDE_IN_FRAMEWORK_HEADER = YES;
				CLANG_WARN_RANGE_LOOP_ANALYSIS = YES;
				CLANG_WARN_STRICT_PROTOTYPES = YES;
				CLANG_WARN_SUSPICIOUS_MOVE = YES;
				CLANG_WARN_UNGUARDED_AVAILABILITY = YES_AGGRESSIVE;
				CLANG_WARN_UNREACHABLE_CODE = YES;
				CLANG_WARN__DUPLICATE_METHOD_MATCH = YES;
				COPY_PHASE_STRIP = NO;
				DEAD_CODE_STRIPPING = YES;
				DEBUG_INFORMATION_FORMAT = "dwarf-with-dsym";
				DEVELOPMENT_TEAM = W6KXUJP8M6;
				ENABLE_NS_ASSERTIONS = NO;
				ENABLE_STRICT_OBJC_MSGSEND = YES;
				ENABLE_USER_SCRIPT_SANDBOXING = YES;
				GCC_C_LANGUAGE_STANDARD = gnu11;
				GCC_NO_COMMON_BLOCKS = YES;
				GCC_WARN_64_TO_32_BIT_CONVERSION = YES;
				GCC_WARN_ABOUT_RETURN_TYPE = YES_ERROR;
				GCC_WARN_UNDECLARED_SELECTOR = YES;
				GCC_WARN_UNINITIALIZED_AUTOS = YES_AGGRESSIVE;
				GCC_WARN_UNUSED_FUNCTION = YES;
				GCC_WARN_UNUSED_VARIABLE = YES;
				IPHONEOS_DEPLOYMENT_TARGET = 16.0;
				MACOSX_DEPLOYMENT_TARGET = 14.0;
				MTL_ENABLE_DEBUG_INFO = NO;
				MTL_FAST_MATH = YES;
				STRING_CATALOG_GENERATE_SYMBOLS = YES;
				SWIFT_COMPILATION_MODE = wholemodule;
				SWIFT_OBJC_BRIDGING_HEADER = "ToyFlightSimulator Shared/Graphics/Shaders/TFSCommon.h";
				SWIFT_OPTIMIZATION_LEVEL = "-O";
				SWIFT_STRICT_CONCURRENCY = complete;
				SWIFT_VERSION = 6.0;
			};
			name = Release;
		};
		CE7F482D28B758920082B197 /* Debug */ = {
			isa = XCBuildConfiguration;
			buildSettings = {
				ASSETCATALOG_COMPILER_APPICON_NAME = AppIcon;
				ASSETCATALOG_COMPILER_GLOBAL_ACCENT_COLOR_NAME = AccentColor;
				CODE_SIGN_STYLE = Automatic;
				CURRENT_PROJECT_VERSION = 1;
				GENERATE_INFOPLIST_FILE = YES;
				INFOPLIST_FILE = "ToyFlightSimulator iOS/ToyFlightSimulator-iOS-Info.plist";
				INFOPLIST_KEY_LSApplicationCategoryType = "public.app-category.simulation-games";
				INFOPLIST_KEY_UIApplicationSupportsIndirectInputEvents = YES;
				INFOPLIST_KEY_UILaunchStoryboardName = LaunchScreen;
				INFOPLIST_KEY_UIMainStoryboardFile = Main;
				INFOPLIST_KEY_UIStatusBarHidden = YES;
				INFOPLIST_KEY_UISupportedInterfaceOrientations = "UIInterfaceOrientationLandscapeLeft UIInterfaceOrientationLandscapeRight";
				INFOPLIST_KEY_UISupportedInterfaceOrientations_iPad = "UIInterfaceOrientationLandscapeLeft UIInterfaceOrientationLandscapeRight UIInterfaceOrientationPortrait UIInterfaceOrientationPortraitUpsideDown";
				IPHONEOS_DEPLOYMENT_TARGET = 18.0;
				LD_RUNPATH_SEARCH_PATHS = (
					"$(inherited)",
					"@executable_path/Frameworks",
				);
				MARKETING_VERSION = 1.0;
				PRODUCT_BUNDLE_IDENTIFIER = com.tinoml.dev.ToyFlightSimulator;
				PRODUCT_NAME = ToyFlightSimulator;
				SDKROOT = iphoneos;
				SWIFT_EMIT_LOC_STRINGS = YES;
				SWIFT_OBJC_BRIDGING_HEADER = "ToyFlightSimulator Shared/Graphics/Shaders/TFSCommon.h";
				SWIFT_VERSION = 6.0;
				TARGETED_DEVICE_FAMILY = "1,2";
			};
			name = Debug;
		};
		CE7F482E28B758920082B197 /* Release */ = {
			isa = XCBuildConfiguration;
			buildSettings = {
				ASSETCATALOG_COMPILER_APPICON_NAME = AppIcon;
				ASSETCATALOG_COMPILER_GLOBAL_ACCENT_COLOR_NAME = AccentColor;
				CODE_SIGN_STYLE = Automatic;
				CURRENT_PROJECT_VERSION = 1;
				GENERATE_INFOPLIST_FILE = YES;
				INFOPLIST_FILE = "ToyFlightSimulator iOS/ToyFlightSimulator-iOS-Info.plist";
				INFOPLIST_KEY_LSApplicationCategoryType = "public.app-category.simulation-games";
				INFOPLIST_KEY_UIApplicationSupportsIndirectInputEvents = YES;
				INFOPLIST_KEY_UILaunchStoryboardName = LaunchScreen;
				INFOPLIST_KEY_UIMainStoryboardFile = Main;
				INFOPLIST_KEY_UIStatusBarHidden = YES;
				INFOPLIST_KEY_UISupportedInterfaceOrientations = "UIInterfaceOrientationLandscapeLeft UIInterfaceOrientationLandscapeRight";
				INFOPLIST_KEY_UISupportedInterfaceOrientations_iPad = "UIInterfaceOrientationLandscapeLeft UIInterfaceOrientationLandscapeRight UIInterfaceOrientationPortrait UIInterfaceOrientationPortraitUpsideDown";
				IPHONEOS_DEPLOYMENT_TARGET = 18.0;
				LD_RUNPATH_SEARCH_PATHS = (
					"$(inherited)",
					"@executable_path/Frameworks",
				);
				MARKETING_VERSION = 1.0;
				PRODUCT_BUNDLE_IDENTIFIER = com.tinoml.dev.ToyFlightSimulator;
				PRODUCT_NAME = ToyFlightSimulator;
				SDKROOT = iphoneos;
				SWIFT_EMIT_LOC_STRINGS = YES;
				SWIFT_OBJC_BRIDGING_HEADER = "ToyFlightSimulator Shared/Graphics/Shaders/TFSCommon.h";
				SWIFT_VERSION = 6.0;
				TARGETED_DEVICE_FAMILY = "1,2";
				VALIDATE_PRODUCT = YES;
			};
			name = Release;
		};
		CE7F483028B758920082B197 /* Debug */ = {
			isa = XCBuildConfiguration;
			buildSettings = {
				ASSETCATALOG_COMPILER_APPICON_NAME = "tvOS App Icon & Top Shelf Image";
				ASSETCATALOG_COMPILER_GLOBAL_ACCENT_COLOR_NAME = AccentColor;
				CODE_SIGN_STYLE = Automatic;
				CURRENT_PROJECT_VERSION = 1;
				GENERATE_INFOPLIST_FILE = YES;
				INFOPLIST_KEY_UILaunchStoryboardName = LaunchScreen;
				INFOPLIST_KEY_UIMainStoryboardFile = Main;
				INFOPLIST_KEY_UIUserInterfaceStyle = Automatic;
				LD_RUNPATH_SEARCH_PATHS = (
					"$(inherited)",
					"@executable_path/Frameworks",
				);
				MARKETING_VERSION = 1.0;
				PRODUCT_BUNDLE_IDENTIFIER = com.tinoml.dev.ToyFlightSimulator;
				PRODUCT_NAME = ToyFlightSimulator;
				SDKROOT = appletvos;
				SWIFT_EMIT_LOC_STRINGS = YES;
				SWIFT_OBJC_BRIDGING_HEADER = "ToyFlightSimulator Shared/Graphics/Shaders/TFSCommon.h";
				SWIFT_VERSION = 6.0;
				TARGETED_DEVICE_FAMILY = 3;
				TVOS_DEPLOYMENT_TARGET = 18.0;
			};
			name = Debug;
		};
		CE7F483128B758920082B197 /* Release */ = {
			isa = XCBuildConfiguration;
			buildSettings = {
				ASSETCATALOG_COMPILER_APPICON_NAME = "tvOS App Icon & Top Shelf Image";
				ASSETCATALOG_COMPILER_GLOBAL_ACCENT_COLOR_NAME = AccentColor;
				CODE_SIGN_STYLE = Automatic;
				CURRENT_PROJECT_VERSION = 1;
				GENERATE_INFOPLIST_FILE = YES;
				INFOPLIST_KEY_UILaunchStoryboardName = LaunchScreen;
				INFOPLIST_KEY_UIMainStoryboardFile = Main;
				INFOPLIST_KEY_UIUserInterfaceStyle = Automatic;
				LD_RUNPATH_SEARCH_PATHS = (
					"$(inherited)",
					"@executable_path/Frameworks",
				);
				MARKETING_VERSION = 1.0;
				PRODUCT_BUNDLE_IDENTIFIER = com.tinoml.dev.ToyFlightSimulator;
				PRODUCT_NAME = ToyFlightSimulator;
				SDKROOT = appletvos;
				SWIFT_EMIT_LOC_STRINGS = YES;
				SWIFT_OBJC_BRIDGING_HEADER = "ToyFlightSimulator Shared/Graphics/Shaders/TFSCommon.h";
				SWIFT_VERSION = 6.0;
				TARGETED_DEVICE_FAMILY = 3;
				TVOS_DEPLOYMENT_TARGET = 18.0;
				VALIDATE_PRODUCT = YES;
			};
			name = Release;
		};
		CE7F483328B758920082B197 /* Debug */ = {
			isa = XCBuildConfiguration;
			buildSettings = {
				ASSETCATALOG_COMPILER_APPICON_NAME = AppIcon;
				ASSETCATALOG_COMPILER_GLOBAL_ACCENT_COLOR_NAME = AccentColor;
				CODE_SIGN_ENTITLEMENTS = "ToyFlightSimulator macOS/ToyFlightSimulator_macOS.entitlements";
				CODE_SIGN_IDENTITY = "Apple Development";
				"CODE_SIGN_IDENTITY[sdk=macosx*]" = "Apple Development";
				CODE_SIGN_STYLE = Automatic;
				COMBINE_HIDPI_IMAGES = YES;
				CURRENT_PROJECT_VERSION = 1;
				DEAD_CODE_STRIPPING = YES;
				ENABLE_APP_SANDBOX = YES;
				ENABLE_HARDENED_RUNTIME = YES;
				ENABLE_RESOURCE_ACCESS_BLUETOOTH = YES;
				ENABLE_RESOURCE_ACCESS_USB = YES;
				ENABLE_USER_SELECTED_FILES = readonly;
				GENERATE_INFOPLIST_FILE = YES;
				INFOPLIST_FILE = "ToyFlightSimulator macOS/ToyFlightSimulator-macOS-Info.plist";
				INFOPLIST_KEY_CFBundleDisplayName = "Toy Flight Simulator";
				INFOPLIST_KEY_LSApplicationCategoryType = "public.app-category.simulation-games";
				INFOPLIST_KEY_NSHumanReadableCopyright = "";
				INFOPLIST_KEY_NSMainStoryboardFile = Main;
				INFOPLIST_KEY_NSPrincipalClass = NSApplication;
				LD_RUNPATH_SEARCH_PATHS = (
					"$(inherited)",
					"@executable_path/../Frameworks",
				);
				MACOSX_DEPLOYMENT_TARGET = 26.0;
				MARKETING_VERSION = 1.0;
				PRODUCT_BUNDLE_IDENTIFIER = com.tinoml.dev.ToyFlightSimulator;
				PRODUCT_NAME = ToyFlightSimulator;
				PROVISIONING_PROFILE_SPECIFIER = "";
				SDKROOT = macosx;
				SWIFT_EMIT_LOC_STRINGS = YES;
				SWIFT_OBJC_BRIDGING_HEADER = "ToyFlightSimulator Shared/Graphics/Shaders/TFSCommon.h";
				SWIFT_STRICT_CONCURRENCY = complete;
				SWIFT_VERSION = 6.0;
			};
			name = Debug;
		};
		CE7F483428B758920082B197 /* Release */ = {
			isa = XCBuildConfiguration;
			buildSettings = {
				ASSETCATALOG_COMPILER_APPICON_NAME = AppIcon;
				ASSETCATALOG_COMPILER_GLOBAL_ACCENT_COLOR_NAME = AccentColor;
				CODE_SIGN_ENTITLEMENTS = "ToyFlightSimulator macOS/ToyFlightSimulator_macOS.entitlements";
				CODE_SIGN_IDENTITY = "Apple Development";
				"CODE_SIGN_IDENTITY[sdk=macosx*]" = "Apple Development";
				CODE_SIGN_STYLE = Automatic;
				COMBINE_HIDPI_IMAGES = YES;
				CURRENT_PROJECT_VERSION = 1;
				DEAD_CODE_STRIPPING = YES;
				ENABLE_APP_SANDBOX = YES;
				ENABLE_HARDENED_RUNTIME = YES;
				ENABLE_RESOURCE_ACCESS_BLUETOOTH = YES;
				ENABLE_RESOURCE_ACCESS_USB = YES;
				ENABLE_USER_SELECTED_FILES = readonly;
				GENERATE_INFOPLIST_FILE = YES;
				INFOPLIST_FILE = "ToyFlightSimulator macOS/ToyFlightSimulator-macOS-Info.plist";
				INFOPLIST_KEY_CFBundleDisplayName = "Toy Flight Simulator";
				INFOPLIST_KEY_LSApplicationCategoryType = "public.app-category.simulation-games";
				INFOPLIST_KEY_NSHumanReadableCopyright = "";
				INFOPLIST_KEY_NSMainStoryboardFile = Main;
				INFOPLIST_KEY_NSPrincipalClass = NSApplication;
				LD_RUNPATH_SEARCH_PATHS = (
					"$(inherited)",
					"@executable_path/../Frameworks",
				);
				MACOSX_DEPLOYMENT_TARGET = 26.0;
				MARKETING_VERSION = 1.0;
				PRODUCT_BUNDLE_IDENTIFIER = com.tinoml.dev.ToyFlightSimulator;
				PRODUCT_NAME = ToyFlightSimulator;
				PROVISIONING_PROFILE_SPECIFIER = "";
				SDKROOT = macosx;
				SWIFT_EMIT_LOC_STRINGS = YES;
				SWIFT_OBJC_BRIDGING_HEADER = "ToyFlightSimulator Shared/Graphics/Shaders/TFSCommon.h";
				SWIFT_STRICT_CONCURRENCY = complete;
				SWIFT_VERSION = 6.0;
			};
			name = Release;
		};
/* End XCBuildConfiguration section */

/* Begin XCConfigurationList section */
		CE452FAA2A7CA810001945B9 /* Build configuration list for PBXNativeTarget "ToyFlightSimulatorTests" */ = {
			isa = XCConfigurationList;
			buildConfigurations = (
				CE452FAB2A7CA810001945B9 /* Debug */,
				CE452FAC2A7CA810001945B9 /* Release */,
			);
			defaultConfigurationIsVisible = 0;
			defaultConfigurationName = Release;
		};
		CE7F47E928B758900082B197 /* Build configuration list for PBXProject "ToyFlightSimulator" */ = {
			isa = XCConfigurationList;
			buildConfigurations = (
				CE7F482A28B758920082B197 /* Debug */,
				CE7F482B28B758920082B197 /* Release */,
			);
			defaultConfigurationIsVisible = 0;
			defaultConfigurationName = Release;
		};
		CE7F482C28B758920082B197 /* Build configuration list for PBXNativeTarget "ToyFlightSimulator iOS" */ = {
			isa = XCConfigurationList;
			buildConfigurations = (
				CE7F482D28B758920082B197 /* Debug */,
				CE7F482E28B758920082B197 /* Release */,
			);
			defaultConfigurationIsVisible = 0;
			defaultConfigurationName = Release;
		};
		CE7F482F28B758920082B197 /* Build configuration list for PBXNativeTarget "ToyFlightSimulator tvOS" */ = {
			isa = XCConfigurationList;
			buildConfigurations = (
				CE7F483028B758920082B197 /* Debug */,
				CE7F483128B758920082B197 /* Release */,
			);
			defaultConfigurationIsVisible = 0;
			defaultConfigurationName = Release;
		};
		CE7F483228B758920082B197 /* Build configuration list for PBXNativeTarget "ToyFlightSimulator macOS" */ = {
			isa = XCConfigurationList;
			buildConfigurations = (
				CE7F483328B758920082B197 /* Debug */,
				CE7F483428B758920082B197 /* Release */,
			);
			defaultConfigurationIsVisible = 0;
			defaultConfigurationName = Release;
		};
/* End XCConfigurationList section */
	};
	rootObject = CE7F47E628B758900082B197 /* Project object */;
}
