// !$*UTF8*$!
{
	archiveVersion = 1;
	classes = {
	};
	objectVersion = 55;
	objects = {

/* Begin PBXBuildFile section */
		CE3BFF1F28E054880014A752 /* MetalTypes.swift in Sources */ = {isa = PBXBuildFile; fileRef = CE3BFF1E28E054880014A752 /* MetalTypes.swift */; };
		CE3BFF2128E055BB0014A752 /* Engine.swift in Sources */ = {isa = PBXBuildFile; fileRef = CE3BFF2028E055BB0014A752 /* Engine.swift */; };
		CE3BFF2428E056230014A752 /* Graphics.swift in Sources */ = {isa = PBXBuildFile; fileRef = CE3BFF2328E056230014A752 /* Graphics.swift */; };
		CE3BFF2628E056720014A752 /* Shared.metal in Sources */ = {isa = PBXBuildFile; fileRef = CE3BFF2528E056720014A752 /* Shared.metal */; };
		CE3BFF2828E056BB0014A752 /* Lighting.metal in Sources */ = {isa = PBXBuildFile; fileRef = CE3BFF2728E056BB0014A752 /* Lighting.metal */; };
		CE3BFF2A28E056EB0014A752 /* BaseShaders.metal in Sources */ = {isa = PBXBuildFile; fileRef = CE3BFF2928E056EB0014A752 /* BaseShaders.metal */; };
		CE3BFF2C28E0575A0014A752 /* InstancedShaders.metal in Sources */ = {isa = PBXBuildFile; fileRef = CE3BFF2B28E057590014A752 /* InstancedShaders.metal */; };
		CE3BFF3228E058C30014A752 /* Mouse.swift in Sources */ = {isa = PBXBuildFile; fileRef = CE3BFF3128E058C30014A752 /* Mouse.swift */; };
		CE3BFF3428E058CE0014A752 /* Keycodes.swift in Sources */ = {isa = PBXBuildFile; fileRef = CE3BFF3328E058CE0014A752 /* Keycodes.swift */; };
		CE3BFF3628E058DC0014A752 /* Keyboard.swift in Sources */ = {isa = PBXBuildFile; fileRef = CE3BFF3528E058DC0014A752 /* Keyboard.swift */; };
		CE3BFF3728E059920014A752 /* Keyboard.swift in Sources */ = {isa = PBXBuildFile; fileRef = CE3BFF3528E058DC0014A752 /* Keyboard.swift */; };
		CE3BFF3828E059950014A752 /* Keycodes.swift in Sources */ = {isa = PBXBuildFile; fileRef = CE3BFF3328E058CE0014A752 /* Keycodes.swift */; };
		CE3BFF3928E059980014A752 /* Mouse.swift in Sources */ = {isa = PBXBuildFile; fileRef = CE3BFF3128E058C30014A752 /* Mouse.swift */; };
		CE3BFF3A28E0599F0014A752 /* MetalTypes.swift in Sources */ = {isa = PBXBuildFile; fileRef = CE3BFF1E28E054880014A752 /* MetalTypes.swift */; };
		CE3BFF3B28E0599F0014A752 /* Engine.swift in Sources */ = {isa = PBXBuildFile; fileRef = CE3BFF2028E055BB0014A752 /* Engine.swift */; };
		CE3BFF3C28E059AD0014A752 /* Graphics.swift in Sources */ = {isa = PBXBuildFile; fileRef = CE3BFF2328E056230014A752 /* Graphics.swift */; };
		CE3BFF3D28E059B60014A752 /* Shared.metal in Sources */ = {isa = PBXBuildFile; fileRef = CE3BFF2528E056720014A752 /* Shared.metal */; };
		CE3BFF3E28E059B60014A752 /* BaseShaders.metal in Sources */ = {isa = PBXBuildFile; fileRef = CE3BFF2928E056EB0014A752 /* BaseShaders.metal */; };
		CE3BFF3F28E059B60014A752 /* InstancedShaders.metal in Sources */ = {isa = PBXBuildFile; fileRef = CE3BFF2B28E057590014A752 /* InstancedShaders.metal */; };
		CE3BFF4028E059B60014A752 /* Lighting.metal in Sources */ = {isa = PBXBuildFile; fileRef = CE3BFF2728E056BB0014A752 /* Lighting.metal */; };
		CE3BFF4328E1AEF80014A752 /* Preferences.swift in Sources */ = {isa = PBXBuildFile; fileRef = CE3BFF4228E1AEF80014A752 /* Preferences.swift */; };
		CE3BFF4428E1AF490014A752 /* Preferences.swift in Sources */ = {isa = PBXBuildFile; fileRef = CE3BFF4228E1AEF80014A752 /* Preferences.swift */; };
		CE3BFF4728E1B05A0014A752 /* SceneManager.swift in Sources */ = {isa = PBXBuildFile; fileRef = CE3BFF4628E1B05A0014A752 /* SceneManager.swift */; };
		CE3BFF4828E1B0CE0014A752 /* SceneManager.swift in Sources */ = {isa = PBXBuildFile; fileRef = CE3BFF4628E1B05A0014A752 /* SceneManager.swift */; };
		CE3BFF4B28E1B20D0014A752 /* GameTime.swift in Sources */ = {isa = PBXBuildFile; fileRef = CE3BFF4A28E1B20D0014A752 /* GameTime.swift */; };
		CE3BFF4C28E1B20D0014A752 /* GameTime.swift in Sources */ = {isa = PBXBuildFile; fileRef = CE3BFF4A28E1B20D0014A752 /* GameTime.swift */; };
		CE3BFF4D28E1B20D0014A752 /* GameTime.swift in Sources */ = {isa = PBXBuildFile; fileRef = CE3BFF4A28E1B20D0014A752 /* GameTime.swift */; };
		CE3BFF4E28E1B2150014A752 /* MetalTypes.swift in Sources */ = {isa = PBXBuildFile; fileRef = CE3BFF1E28E054880014A752 /* MetalTypes.swift */; };
		CE3BFF5028E1B2230014A752 /* Library.swift in Sources */ = {isa = PBXBuildFile; fileRef = CE3BFF4F28E1B2230014A752 /* Library.swift */; };
		CE3BFF5128E1B2230014A752 /* Library.swift in Sources */ = {isa = PBXBuildFile; fileRef = CE3BFF4F28E1B2230014A752 /* Library.swift */; };
		CE3BFF5228E1B2230014A752 /* Library.swift in Sources */ = {isa = PBXBuildFile; fileRef = CE3BFF4F28E1B2230014A752 /* Library.swift */; };
		CE3BFF5428E1B29C0014A752 /* ShaderLibrary.swift in Sources */ = {isa = PBXBuildFile; fileRef = CE3BFF5328E1B29C0014A752 /* ShaderLibrary.swift */; };
		CE3BFF5528E1B29C0014A752 /* ShaderLibrary.swift in Sources */ = {isa = PBXBuildFile; fileRef = CE3BFF5328E1B29C0014A752 /* ShaderLibrary.swift */; };
		CE3BFF5628E1B29C0014A752 /* ShaderLibrary.swift in Sources */ = {isa = PBXBuildFile; fileRef = CE3BFF5328E1B29C0014A752 /* ShaderLibrary.swift */; };
		CE3BFF5828E1B2AD0014A752 /* RenderPipelineStateLibrary.swift in Sources */ = {isa = PBXBuildFile; fileRef = CE3BFF5728E1B2AD0014A752 /* RenderPipelineStateLibrary.swift */; };
		CE3BFF5928E1B2AD0014A752 /* RenderPipelineStateLibrary.swift in Sources */ = {isa = PBXBuildFile; fileRef = CE3BFF5728E1B2AD0014A752 /* RenderPipelineStateLibrary.swift */; };
		CE3BFF5A28E1B2AD0014A752 /* RenderPipelineStateLibrary.swift in Sources */ = {isa = PBXBuildFile; fileRef = CE3BFF5728E1B2AD0014A752 /* RenderPipelineStateLibrary.swift */; };
		CE3BFF5C28E1B2BC0014A752 /* VertexDescriptorLibrary.swift in Sources */ = {isa = PBXBuildFile; fileRef = CE3BFF5B28E1B2BC0014A752 /* VertexDescriptorLibrary.swift */; };
		CE3BFF5D28E1B2BC0014A752 /* VertexDescriptorLibrary.swift in Sources */ = {isa = PBXBuildFile; fileRef = CE3BFF5B28E1B2BC0014A752 /* VertexDescriptorLibrary.swift */; };
		CE3BFF5E28E1B2BC0014A752 /* VertexDescriptorLibrary.swift in Sources */ = {isa = PBXBuildFile; fileRef = CE3BFF5B28E1B2BC0014A752 /* VertexDescriptorLibrary.swift */; };
		CE3BFF6028E1B2D10014A752 /* DepthStencilStateLibrary.swift in Sources */ = {isa = PBXBuildFile; fileRef = CE3BFF5F28E1B2D10014A752 /* DepthStencilStateLibrary.swift */; };
		CE3BFF6128E1B2D10014A752 /* DepthStencilStateLibrary.swift in Sources */ = {isa = PBXBuildFile; fileRef = CE3BFF5F28E1B2D10014A752 /* DepthStencilStateLibrary.swift */; };
		CE3BFF6228E1B2D10014A752 /* DepthStencilStateLibrary.swift in Sources */ = {isa = PBXBuildFile; fileRef = CE3BFF5F28E1B2D10014A752 /* DepthStencilStateLibrary.swift */; };
		CE3BFF6428E1B2DF0014A752 /* SamplerStateLibrary.swift in Sources */ = {isa = PBXBuildFile; fileRef = CE3BFF6328E1B2DF0014A752 /* SamplerStateLibrary.swift */; };
		CE3BFF6528E1B2DF0014A752 /* SamplerStateLibrary.swift in Sources */ = {isa = PBXBuildFile; fileRef = CE3BFF6328E1B2DF0014A752 /* SamplerStateLibrary.swift */; };
		CE3BFF6628E1B2DF0014A752 /* SamplerStateLibrary.swift in Sources */ = {isa = PBXBuildFile; fileRef = CE3BFF6328E1B2DF0014A752 /* SamplerStateLibrary.swift */; };
		CE3BFF6928E1B4C10014A752 /* Assets.swift in Sources */ = {isa = PBXBuildFile; fileRef = CE3BFF6828E1B4C10014A752 /* Assets.swift */; };
		CE3BFF6A28E1B4C10014A752 /* Assets.swift in Sources */ = {isa = PBXBuildFile; fileRef = CE3BFF6828E1B4C10014A752 /* Assets.swift */; };
		CE3BFF6B28E1B4C10014A752 /* Assets.swift in Sources */ = {isa = PBXBuildFile; fileRef = CE3BFF6828E1B4C10014A752 /* Assets.swift */; };
		CE3BFF6E28E1B4D70014A752 /* MeshLibrary.swift in Sources */ = {isa = PBXBuildFile; fileRef = CE3BFF6D28E1B4D70014A752 /* MeshLibrary.swift */; };
		CE3BFF6F28E1B4D70014A752 /* MeshLibrary.swift in Sources */ = {isa = PBXBuildFile; fileRef = CE3BFF6D28E1B4D70014A752 /* MeshLibrary.swift */; };
		CE3BFF7028E1B4D70014A752 /* MeshLibrary.swift in Sources */ = {isa = PBXBuildFile; fileRef = CE3BFF6D28E1B4D70014A752 /* MeshLibrary.swift */; };
		CE3BFF7228E1B4E10014A752 /* TextureLibrary.swift in Sources */ = {isa = PBXBuildFile; fileRef = CE3BFF7128E1B4E10014A752 /* TextureLibrary.swift */; };
		CE3BFF7328E1B4E10014A752 /* TextureLibrary.swift in Sources */ = {isa = PBXBuildFile; fileRef = CE3BFF7128E1B4E10014A752 /* TextureLibrary.swift */; };
		CE3BFF7428E1B4E10014A752 /* TextureLibrary.swift in Sources */ = {isa = PBXBuildFile; fileRef = CE3BFF7128E1B4E10014A752 /* TextureLibrary.swift */; };
		CE3BFF7628E2FC0A0014A752 /* Scene.swift in Sources */ = {isa = PBXBuildFile; fileRef = CE3BFF7528E2FC0A0014A752 /* Scene.swift */; };
		CE3BFF7728E2FC0A0014A752 /* Scene.swift in Sources */ = {isa = PBXBuildFile; fileRef = CE3BFF7528E2FC0A0014A752 /* Scene.swift */; };
		CE3BFF7828E2FC0A0014A752 /* Scene.swift in Sources */ = {isa = PBXBuildFile; fileRef = CE3BFF7528E2FC0A0014A752 /* Scene.swift */; };
		CE3BFF7A28E2FC270014A752 /* SandboxScene.swift in Sources */ = {isa = PBXBuildFile; fileRef = CE3BFF7928E2FC270014A752 /* SandboxScene.swift */; };
		CE3BFF7B28E2FC270014A752 /* SandboxScene.swift in Sources */ = {isa = PBXBuildFile; fileRef = CE3BFF7928E2FC270014A752 /* SandboxScene.swift */; };
		CE3BFF7C28E2FC270014A752 /* SandboxScene.swift in Sources */ = {isa = PBXBuildFile; fileRef = CE3BFF7928E2FC270014A752 /* SandboxScene.swift */; };
		CE3BFF7E28E2FCF50014A752 /* Node.swift in Sources */ = {isa = PBXBuildFile; fileRef = CE3BFF7D28E2FCF50014A752 /* Node.swift */; };
		CE3BFF7F28E2FCF50014A752 /* Node.swift in Sources */ = {isa = PBXBuildFile; fileRef = CE3BFF7D28E2FCF50014A752 /* Node.swift */; };
		CE3BFF8028E2FCF50014A752 /* Node.swift in Sources */ = {isa = PBXBuildFile; fileRef = CE3BFF7D28E2FCF50014A752 /* Node.swift */; };
		CE3BFF8228E2FD6F0014A752 /* Renderable.swift in Sources */ = {isa = PBXBuildFile; fileRef = CE3BFF8128E2FD6F0014A752 /* Renderable.swift */; };
		CE3BFF8328E2FD6F0014A752 /* Renderable.swift in Sources */ = {isa = PBXBuildFile; fileRef = CE3BFF8128E2FD6F0014A752 /* Renderable.swift */; };
		CE3BFF8428E2FD6F0014A752 /* Renderable.swift in Sources */ = {isa = PBXBuildFile; fileRef = CE3BFF8128E2FD6F0014A752 /* Renderable.swift */; };
		CE3BFF8628E2FD9C0014A752 /* GameObject.swift in Sources */ = {isa = PBXBuildFile; fileRef = CE3BFF8528E2FD9C0014A752 /* GameObject.swift */; };
		CE3BFF8728E2FD9C0014A752 /* GameObject.swift in Sources */ = {isa = PBXBuildFile; fileRef = CE3BFF8528E2FD9C0014A752 /* GameObject.swift */; };
		CE3BFF8828E2FD9C0014A752 /* GameObject.swift in Sources */ = {isa = PBXBuildFile; fileRef = CE3BFF8528E2FD9C0014A752 /* GameObject.swift */; };
		CE3BFF8A28E2FDB20014A752 /* InstancedGameObject.swift in Sources */ = {isa = PBXBuildFile; fileRef = CE3BFF8928E2FDB20014A752 /* InstancedGameObject.swift */; };
		CE3BFF8B28E2FDB20014A752 /* InstancedGameObject.swift in Sources */ = {isa = PBXBuildFile; fileRef = CE3BFF8928E2FDB20014A752 /* InstancedGameObject.swift */; };
		CE3BFF8C28E2FDB20014A752 /* InstancedGameObject.swift in Sources */ = {isa = PBXBuildFile; fileRef = CE3BFF8928E2FDB20014A752 /* InstancedGameObject.swift */; };
		CE3BFF8E28E2FE140014A752 /* Math.swift in Sources */ = {isa = PBXBuildFile; fileRef = CE3BFF8D28E2FE140014A752 /* Math.swift */; };
		CE3BFF8F28E2FE140014A752 /* Math.swift in Sources */ = {isa = PBXBuildFile; fileRef = CE3BFF8D28E2FE140014A752 /* Math.swift */; };
		CE3BFF9028E2FE140014A752 /* Math.swift in Sources */ = {isa = PBXBuildFile; fileRef = CE3BFF8D28E2FE140014A752 /* Math.swift */; };
		CE3BFF9228E451E50014A752 /* CameraManager.swift in Sources */ = {isa = PBXBuildFile; fileRef = CE3BFF9128E451E50014A752 /* CameraManager.swift */; };
		CE3BFF9328E451E50014A752 /* CameraManager.swift in Sources */ = {isa = PBXBuildFile; fileRef = CE3BFF9128E451E50014A752 /* CameraManager.swift */; };
		CE3BFF9428E451E50014A752 /* CameraManager.swift in Sources */ = {isa = PBXBuildFile; fileRef = CE3BFF9128E451E50014A752 /* CameraManager.swift */; };
		CE3BFF9628E451F00014A752 /* LightManager.swift in Sources */ = {isa = PBXBuildFile; fileRef = CE3BFF9528E451F00014A752 /* LightManager.swift */; };
		CE3BFF9728E451F00014A752 /* LightManager.swift in Sources */ = {isa = PBXBuildFile; fileRef = CE3BFF9528E451F00014A752 /* LightManager.swift */; };
		CE3BFF9828E451F00014A752 /* LightManager.swift in Sources */ = {isa = PBXBuildFile; fileRef = CE3BFF9528E451F00014A752 /* LightManager.swift */; };
		CE3BFF9B28E4523D0014A752 /* Camera.swift in Sources */ = {isa = PBXBuildFile; fileRef = CE3BFF9A28E4523D0014A752 /* Camera.swift */; };
		CE3BFF9C28E4523D0014A752 /* Camera.swift in Sources */ = {isa = PBXBuildFile; fileRef = CE3BFF9A28E4523D0014A752 /* Camera.swift */; };
		CE3BFF9D28E4523D0014A752 /* Camera.swift in Sources */ = {isa = PBXBuildFile; fileRef = CE3BFF9A28E4523D0014A752 /* Camera.swift */; };
		CE3BFF9F28E452480014A752 /* DebugCamera.swift in Sources */ = {isa = PBXBuildFile; fileRef = CE3BFF9E28E452480014A752 /* DebugCamera.swift */; };
		CE3BFFA028E452480014A752 /* DebugCamera.swift in Sources */ = {isa = PBXBuildFile; fileRef = CE3BFF9E28E452480014A752 /* DebugCamera.swift */; };
		CE3BFFA128E452480014A752 /* DebugCamera.swift in Sources */ = {isa = PBXBuildFile; fileRef = CE3BFF9E28E452480014A752 /* DebugCamera.swift */; };
		CE3BFFA328E452F00014A752 /* LightObject.swift in Sources */ = {isa = PBXBuildFile; fileRef = CE3BFFA228E452F00014A752 /* LightObject.swift */; };
		CE3BFFA428E452F00014A752 /* LightObject.swift in Sources */ = {isa = PBXBuildFile; fileRef = CE3BFFA228E452F00014A752 /* LightObject.swift */; };
		CE3BFFA528E452F00014A752 /* LightObject.swift in Sources */ = {isa = PBXBuildFile; fileRef = CE3BFFA228E452F00014A752 /* LightObject.swift */; };
		CE3BFFA728E453260014A752 /* Sun.swift in Sources */ = {isa = PBXBuildFile; fileRef = CE3BFFA628E453260014A752 /* Sun.swift */; };
		CE3BFFA828E453260014A752 /* Sun.swift in Sources */ = {isa = PBXBuildFile; fileRef = CE3BFFA628E453260014A752 /* Sun.swift */; };
		CE3BFFA928E453260014A752 /* Sun.swift in Sources */ = {isa = PBXBuildFile; fileRef = CE3BFFA628E453260014A752 /* Sun.swift */; };
		CE3BFFAB28E453310014A752 /* Quad.swift in Sources */ = {isa = PBXBuildFile; fileRef = CE3BFFAA28E453310014A752 /* Quad.swift */; };
		CE3BFFAC28E453310014A752 /* Quad.swift in Sources */ = {isa = PBXBuildFile; fileRef = CE3BFFAA28E453310014A752 /* Quad.swift */; };
		CE3BFFAD28E453310014A752 /* Quad.swift in Sources */ = {isa = PBXBuildFile; fileRef = CE3BFFAA28E453310014A752 /* Quad.swift */; };
		CE3BFFAF28E572EC0014A752 /* SkySphereShaders.metal in Sources */ = {isa = PBXBuildFile; fileRef = CE3BFFAE28E572EC0014A752 /* SkySphereShaders.metal */; };
		CE3BFFB028E572EC0014A752 /* SkySphereShaders.metal in Sources */ = {isa = PBXBuildFile; fileRef = CE3BFFAE28E572EC0014A752 /* SkySphereShaders.metal */; };
		CE3BFFB128E572EC0014A752 /* SkySphereShaders.metal in Sources */ = {isa = PBXBuildFile; fileRef = CE3BFFAE28E572EC0014A752 /* SkySphereShaders.metal */; };
		CE3BFFB328E572FB0014A752 /* FinalShaders.metal in Sources */ = {isa = PBXBuildFile; fileRef = CE3BFFB228E572FB0014A752 /* FinalShaders.metal */; };
		CE3BFFB428E572FB0014A752 /* FinalShaders.metal in Sources */ = {isa = PBXBuildFile; fileRef = CE3BFFB228E572FB0014A752 /* FinalShaders.metal */; };
		CE3BFFB528E572FB0014A752 /* FinalShaders.metal in Sources */ = {isa = PBXBuildFile; fileRef = CE3BFFB228E572FB0014A752 /* FinalShaders.metal */; };
		CE3BFFBF28E573BC0014A752 /* f16.obj in Resources */ = {isa = PBXBuildFile; fileRef = CE3BFFBB28E573BB0014A752 /* f16.obj */; };
		CE3BFFC028E573BC0014A752 /* f16.obj in Resources */ = {isa = PBXBuildFile; fileRef = CE3BFFBB28E573BB0014A752 /* f16.obj */; };
		CE3BFFC128E573BC0014A752 /* f16.obj in Resources */ = {isa = PBXBuildFile; fileRef = CE3BFFBB28E573BB0014A752 /* f16.obj */; };
		CE3BFFC228E573BC0014A752 /* f16.mtl in Resources */ = {isa = PBXBuildFile; fileRef = CE3BFFBC28E573BB0014A752 /* f16.mtl */; };
		CE3BFFC328E573BC0014A752 /* f16.mtl in Resources */ = {isa = PBXBuildFile; fileRef = CE3BFFBC28E573BB0014A752 /* f16.mtl */; };
		CE3BFFC428E573BC0014A752 /* f16.mtl in Resources */ = {isa = PBXBuildFile; fileRef = CE3BFFBC28E573BB0014A752 /* f16.mtl */; };
		CE3BFFC528E573BC0014A752 /* F16t.bmp in Resources */ = {isa = PBXBuildFile; fileRef = CE3BFFBD28E573BC0014A752 /* F16t.bmp */; };
		CE3BFFC628E573BC0014A752 /* F16t.bmp in Resources */ = {isa = PBXBuildFile; fileRef = CE3BFFBD28E573BC0014A752 /* F16t.bmp */; };
		CE3BFFC728E573BC0014A752 /* F16t.bmp in Resources */ = {isa = PBXBuildFile; fileRef = CE3BFFBD28E573BC0014A752 /* F16t.bmp */; };
		CE3BFFC828E573BC0014A752 /* F16s.bmp in Resources */ = {isa = PBXBuildFile; fileRef = CE3BFFBE28E573BC0014A752 /* F16s.bmp */; };
		CE3BFFC928E573BC0014A752 /* F16s.bmp in Resources */ = {isa = PBXBuildFile; fileRef = CE3BFFBE28E573BC0014A752 /* F16s.bmp */; };
		CE3BFFCA28E573BC0014A752 /* F16s.bmp in Resources */ = {isa = PBXBuildFile; fileRef = CE3BFFBE28E573BC0014A752 /* F16s.bmp */; };
		CE3BFFCD28E573C80014A752 /* sphere.obj in Resources */ = {isa = PBXBuildFile; fileRef = CE3BFFCB28E573C80014A752 /* sphere.obj */; };
		CE3BFFCE28E573C80014A752 /* sphere.obj in Resources */ = {isa = PBXBuildFile; fileRef = CE3BFFCB28E573C80014A752 /* sphere.obj */; };
		CE3BFFCF28E573C80014A752 /* sphere.obj in Resources */ = {isa = PBXBuildFile; fileRef = CE3BFFCB28E573C80014A752 /* sphere.obj */; };
		CE3BFFD028E573C80014A752 /* sphere.mtl in Resources */ = {isa = PBXBuildFile; fileRef = CE3BFFCC28E573C80014A752 /* sphere.mtl */; };
		CE3BFFD128E573C80014A752 /* sphere.mtl in Resources */ = {isa = PBXBuildFile; fileRef = CE3BFFCC28E573C80014A752 /* sphere.mtl */; };
		CE3BFFD228E573C80014A752 /* sphere.mtl in Resources */ = {isa = PBXBuildFile; fileRef = CE3BFFCC28E573C80014A752 /* sphere.mtl */; };
		CE3BFFD628E573D60014A752 /* normal_example.png in Resources */ = {isa = PBXBuildFile; fileRef = CE3BFFD328E573D60014A752 /* normal_example.png */; };
		CE3BFFD728E573D60014A752 /* normal_example.png in Resources */ = {isa = PBXBuildFile; fileRef = CE3BFFD328E573D60014A752 /* normal_example.png */; };
		CE3BFFD828E573D60014A752 /* normal_example.png in Resources */ = {isa = PBXBuildFile; fileRef = CE3BFFD328E573D60014A752 /* normal_example.png */; };
		CE3BFFD928E573D60014A752 /* quad.mtl in Resources */ = {isa = PBXBuildFile; fileRef = CE3BFFD428E573D60014A752 /* quad.mtl */; };
		CE3BFFDA28E573D60014A752 /* quad.mtl in Resources */ = {isa = PBXBuildFile; fileRef = CE3BFFD428E573D60014A752 /* quad.mtl */; };
		CE3BFFDB28E573D60014A752 /* quad.mtl in Resources */ = {isa = PBXBuildFile; fileRef = CE3BFFD428E573D60014A752 /* quad.mtl */; };
		CE3BFFDC28E573D60014A752 /* quad.obj in Resources */ = {isa = PBXBuildFile; fileRef = CE3BFFD528E573D60014A752 /* quad.obj */; };
		CE3BFFDD28E573D60014A752 /* quad.obj in Resources */ = {isa = PBXBuildFile; fileRef = CE3BFFD528E573D60014A752 /* quad.obj */; };
		CE3BFFDE28E573D60014A752 /* quad.obj in Resources */ = {isa = PBXBuildFile; fileRef = CE3BFFD528E573D60014A752 /* quad.obj */; };
		CE3BFFE128E573E40014A752 /* clouds.png in Resources */ = {isa = PBXBuildFile; fileRef = CE3BFFDF28E573E40014A752 /* clouds.png */; };
		CE3BFFE228E573E40014A752 /* clouds.png in Resources */ = {isa = PBXBuildFile; fileRef = CE3BFFDF28E573E40014A752 /* clouds.png */; };
		CE3BFFE328E573E40014A752 /* clouds.png in Resources */ = {isa = PBXBuildFile; fileRef = CE3BFFDF28E573E40014A752 /* clouds.png */; };
		CE3BFFE428E573E40014A752 /* skysphere.obj in Resources */ = {isa = PBXBuildFile; fileRef = CE3BFFE028E573E40014A752 /* skysphere.obj */; };
		CE3BFFE528E573E40014A752 /* skysphere.obj in Resources */ = {isa = PBXBuildFile; fileRef = CE3BFFE028E573E40014A752 /* skysphere.obj */; };
		CE3BFFE628E573E40014A752 /* skysphere.obj in Resources */ = {isa = PBXBuildFile; fileRef = CE3BFFE028E573E40014A752 /* skysphere.obj */; };
		CE3BFFE828E6A0F40014A752 /* F16.swift in Sources */ = {isa = PBXBuildFile; fileRef = CE3BFFE728E6A0F40014A752 /* F16.swift */; };
		CE3BFFE928E6A0F40014A752 /* F16.swift in Sources */ = {isa = PBXBuildFile; fileRef = CE3BFFE728E6A0F40014A752 /* F16.swift */; };
		CE3BFFEA28E6A0F40014A752 /* F16.swift in Sources */ = {isa = PBXBuildFile; fileRef = CE3BFFE728E6A0F40014A752 /* F16.swift */; };
		CE3E526328E9B15C00BBE8A0 /* SkySphere.swift in Sources */ = {isa = PBXBuildFile; fileRef = CE3E526228E9B15C00BBE8A0 /* SkySphere.swift */; };
		CE3E526428E9B15C00BBE8A0 /* SkySphere.swift in Sources */ = {isa = PBXBuildFile; fileRef = CE3E526228E9B15C00BBE8A0 /* SkySphere.swift */; };
		CE3E526528E9B15C00BBE8A0 /* SkySphere.swift in Sources */ = {isa = PBXBuildFile; fileRef = CE3E526228E9B15C00BBE8A0 /* SkySphere.swift */; };
		CE7F47F728B758920082B197 /* AppDelegate.swift in Sources */ = {isa = PBXBuildFile; fileRef = CE7F47F628B758920082B197 /* AppDelegate.swift */; };
		CE7F47F928B758920082B197 /* GameViewController.swift in Sources */ = {isa = PBXBuildFile; fileRef = CE7F47F828B758920082B197 /* GameViewController.swift */; };
		CE7F47FC28B758920082B197 /* Main.storyboard in Resources */ = {isa = PBXBuildFile; fileRef = CE7F47FA28B758920082B197 /* Main.storyboard */; };
		CE7F47FF28B758920082B197 /* LaunchScreen.storyboard in Resources */ = {isa = PBXBuildFile; fileRef = CE7F47FD28B758920082B197 /* LaunchScreen.storyboard */; };
		CE7F480728B758920082B197 /* AppDelegate.swift in Sources */ = {isa = PBXBuildFile; fileRef = CE7F480628B758920082B197 /* AppDelegate.swift */; };
		CE7F480928B758920082B197 /* GameViewController.swift in Sources */ = {isa = PBXBuildFile; fileRef = CE7F480828B758920082B197 /* GameViewController.swift */; };
		CE7F480C28B758920082B197 /* Main.storyboard in Resources */ = {isa = PBXBuildFile; fileRef = CE7F480A28B758920082B197 /* Main.storyboard */; };
		CE7F480F28B758920082B197 /* LaunchScreen.storyboard in Resources */ = {isa = PBXBuildFile; fileRef = CE7F480D28B758920082B197 /* LaunchScreen.storyboard */; };
		CE7F481728B758920082B197 /* AppDelegate.swift in Sources */ = {isa = PBXBuildFile; fileRef = CE7F481628B758920082B197 /* AppDelegate.swift */; };
		CE7F481928B758920082B197 /* GameViewController.swift in Sources */ = {isa = PBXBuildFile; fileRef = CE7F481828B758920082B197 /* GameViewController.swift */; };
		CE7F481C28B758920082B197 /* Main.storyboard in Resources */ = {isa = PBXBuildFile; fileRef = CE7F481A28B758920082B197 /* Main.storyboard */; };
		CE7F481E28B758920082B197 /* Shaders_OG.metal in Sources */ = {isa = PBXBuildFile; fileRef = CE7F47EB28B758900082B197 /* Shaders_OG.metal */; };
		CE7F481F28B758920082B197 /* Shaders_OG.metal in Sources */ = {isa = PBXBuildFile; fileRef = CE7F47EB28B758900082B197 /* Shaders_OG.metal */; };
		CE7F482028B758920082B197 /* Shaders_OG.metal in Sources */ = {isa = PBXBuildFile; fileRef = CE7F47EB28B758900082B197 /* Shaders_OG.metal */; };
		CE7F482128B758920082B197 /* Renderer_OG.swift in Sources */ = {isa = PBXBuildFile; fileRef = CE7F47EC28B758900082B197 /* Renderer_OG.swift */; };
		CE7F482228B758920082B197 /* Renderer_OG.swift in Sources */ = {isa = PBXBuildFile; fileRef = CE7F47EC28B758900082B197 /* Renderer_OG.swift */; };
		CE7F482328B758920082B197 /* Renderer_OG.swift in Sources */ = {isa = PBXBuildFile; fileRef = CE7F47EC28B758900082B197 /* Renderer_OG.swift */; };
		CE7F482428B758920082B197 /* ShaderTypes.h in Resources */ = {isa = PBXBuildFile; fileRef = CE7F47ED28B758900082B197 /* ShaderTypes.h */; };
		CE7F482528B758920082B197 /* ShaderTypes.h in Resources */ = {isa = PBXBuildFile; fileRef = CE7F47ED28B758900082B197 /* ShaderTypes.h */; };
		CE7F482628B758920082B197 /* ShaderTypes.h in Resources */ = {isa = PBXBuildFile; fileRef = CE7F47ED28B758900082B197 /* ShaderTypes.h */; };
		CE7F482728B758920082B197 /* Assets.xcassets in Resources */ = {isa = PBXBuildFile; fileRef = CE7F47EE28B758920082B197 /* Assets.xcassets */; };
		CE7F482828B758920082B197 /* Assets.xcassets in Resources */ = {isa = PBXBuildFile; fileRef = CE7F47EE28B758920082B197 /* Assets.xcassets */; };
		CE7F482928B758920082B197 /* Assets.xcassets in Resources */ = {isa = PBXBuildFile; fileRef = CE7F47EE28B758920082B197 /* Assets.xcassets */; };
		CE7F483628B76FE30082B197 /* Shaders.metal in Sources */ = {isa = PBXBuildFile; fileRef = CE7F483528B76FE30082B197 /* Shaders.metal */; };
		CE7F483728B76FE30082B197 /* Shaders.metal in Sources */ = {isa = PBXBuildFile; fileRef = CE7F483528B76FE30082B197 /* Shaders.metal */; };
		CE7F483828B76FE30082B197 /* Shaders.metal in Sources */ = {isa = PBXBuildFile; fileRef = CE7F483528B76FE30082B197 /* Shaders.metal */; };
		CE7F483A28B76FF60082B197 /* Renderer.swift in Sources */ = {isa = PBXBuildFile; fileRef = CE7F483928B76FF60082B197 /* Renderer.swift */; };
		CE7F483B28B76FF60082B197 /* Renderer.swift in Sources */ = {isa = PBXBuildFile; fileRef = CE7F483928B76FF60082B197 /* Renderer.swift */; };
		CE7F483C28B76FF60082B197 /* Renderer.swift in Sources */ = {isa = PBXBuildFile; fileRef = CE7F483928B76FF60082B197 /* Renderer.swift */; };
		CE7F483E28B770B00082B197 /* Colors.swift in Sources */ = {isa = PBXBuildFile; fileRef = CE7F483D28B770B00082B197 /* Colors.swift */; };
		CE7F483F28B770B00082B197 /* Colors.swift in Sources */ = {isa = PBXBuildFile; fileRef = CE7F483D28B770B00082B197 /* Colors.swift */; };
		CE7F484028B770B00082B197 /* Colors.swift in Sources */ = {isa = PBXBuildFile; fileRef = CE7F483D28B770B00082B197 /* Colors.swift */; };
		CE7F484228B770C20082B197 /* Node_1.swift in Sources */ = {isa = PBXBuildFile; fileRef = CE7F484128B770C20082B197 /* Node_1.swift */; };
		CE7F484328B770C20082B197 /* Node_1.swift in Sources */ = {isa = PBXBuildFile; fileRef = CE7F484128B770C20082B197 /* Node_1.swift */; };
		CE7F484428B770C20082B197 /* Node_1.swift in Sources */ = {isa = PBXBuildFile; fileRef = CE7F484128B770C20082B197 /* Node_1.swift */; };
		CE7F484628B770EB0082B197 /* MathUtils.swift in Sources */ = {isa = PBXBuildFile; fileRef = CE7F484528B770EB0082B197 /* MathUtils.swift */; };
		CE7F484728B770EB0082B197 /* MathUtils.swift in Sources */ = {isa = PBXBuildFile; fileRef = CE7F484528B770EB0082B197 /* MathUtils.swift */; };
		CE7F484828B770EB0082B197 /* MathUtils.swift in Sources */ = {isa = PBXBuildFile; fileRef = CE7F484528B770EB0082B197 /* MathUtils.swift */; };
		CE7F484A28B771390082B197 /* Light.swift in Sources */ = {isa = PBXBuildFile; fileRef = CE7F484928B771390082B197 /* Light.swift */; };
		CE7F484B28B771390082B197 /* Light.swift in Sources */ = {isa = PBXBuildFile; fileRef = CE7F484928B771390082B197 /* Light.swift */; };
		CE7F484C28B771390082B197 /* Light.swift in Sources */ = {isa = PBXBuildFile; fileRef = CE7F484928B771390082B197 /* Light.swift */; };
		CE7F484E28B771550082B197 /* TimeIt.swift in Sources */ = {isa = PBXBuildFile; fileRef = CE7F484D28B771550082B197 /* TimeIt.swift */; };
		CE7F484F28B771550082B197 /* TimeIt.swift in Sources */ = {isa = PBXBuildFile; fileRef = CE7F484D28B771550082B197 /* TimeIt.swift */; };
		CE7F485028B771550082B197 /* TimeIt.swift in Sources */ = {isa = PBXBuildFile; fileRef = CE7F484D28B771550082B197 /* TimeIt.swift */; };
		CE7F48A828BB0BED0082B197 /* FlyCameraController.swift in Sources */ = {isa = PBXBuildFile; fileRef = CE7F48A728BB0BED0082B197 /* FlyCameraController.swift */; };
		CE7F48A928BB0BED0082B197 /* FlyCameraController.swift in Sources */ = {isa = PBXBuildFile; fileRef = CE7F48A728BB0BED0082B197 /* FlyCameraController.swift */; };
		CE7F48AA28BB0BED0082B197 /* FlyCameraController.swift in Sources */ = {isa = PBXBuildFile; fileRef = CE7F48A728BB0BED0082B197 /* FlyCameraController.swift */; };
		CE7F48AC28BB17070082B197 /* GameMesh.swift in Sources */ = {isa = PBXBuildFile; fileRef = CE7F48AB28BB17070082B197 /* GameMesh.swift */; };
		CE7F48AD28BB17070082B197 /* GameMesh.swift in Sources */ = {isa = PBXBuildFile; fileRef = CE7F48AB28BB17070082B197 /* GameMesh.swift */; };
		CE7F48AE28BB17070082B197 /* GameMesh.swift in Sources */ = {isa = PBXBuildFile; fileRef = CE7F48AB28BB17070082B197 /* GameMesh.swift */; };
		CE7F48B028BB1C3F0082B197 /* GameVertexDescriptor.swift in Sources */ = {isa = PBXBuildFile; fileRef = CE7F48AF28BB1C3F0082B197 /* GameVertexDescriptor.swift */; };
		CE7F48B128BB1C3F0082B197 /* GameVertexDescriptor.swift in Sources */ = {isa = PBXBuildFile; fileRef = CE7F48AF28BB1C3F0082B197 /* GameVertexDescriptor.swift */; };
		CE7F48B228BB1C3F0082B197 /* GameVertexDescriptor.swift in Sources */ = {isa = PBXBuildFile; fileRef = CE7F48AF28BB1C3F0082B197 /* GameVertexDescriptor.swift */; };
		CE7F48B428BB26670082B197 /* SimulationController.swift in Sources */ = {isa = PBXBuildFile; fileRef = CE7F48B328BB26670082B197 /* SimulationController.swift */; };
		CE7F48B528BB26670082B197 /* SimulationController.swift in Sources */ = {isa = PBXBuildFile; fileRef = CE7F48B328BB26670082B197 /* SimulationController.swift */; };
		CE7F48B628BB26670082B197 /* SimulationController.swift in Sources */ = {isa = PBXBuildFile; fileRef = CE7F48B328BB26670082B197 /* SimulationController.swift */; };
		CE7F48D328BCB4DD0082B197 /* GameView.swift in Sources */ = {isa = PBXBuildFile; fileRef = CE7F48D228BCB4DD0082B197 /* GameView.swift */; };
		CE7F48D428BCB4DD0082B197 /* GameView.swift in Sources */ = {isa = PBXBuildFile; fileRef = CE7F48D228BCB4DD0082B197 /* GameView.swift */; };
		CE7F48D528BCB4DD0082B197 /* GameView.swift in Sources */ = {isa = PBXBuildFile; fileRef = CE7F48D228BCB4DD0082B197 /* GameView.swift */; };
/* End PBXBuildFile section */

/* Begin PBXFileReference section */
		CE3BFF1E28E054880014A752 /* MetalTypes.swift */ = {isa = PBXFileReference; lastKnownFileType = sourcecode.swift; path = MetalTypes.swift; sourceTree = "<group>"; };
		CE3BFF2028E055BB0014A752 /* Engine.swift */ = {isa = PBXFileReference; lastKnownFileType = sourcecode.swift; path = Engine.swift; sourceTree = "<group>"; };
		CE3BFF2328E056230014A752 /* Graphics.swift */ = {isa = PBXFileReference; lastKnownFileType = sourcecode.swift; path = Graphics.swift; sourceTree = "<group>"; };
		CE3BFF2528E056720014A752 /* Shared.metal */ = {isa = PBXFileReference; lastKnownFileType = sourcecode.metal; path = Shared.metal; sourceTree = "<group>"; };
		CE3BFF2728E056BB0014A752 /* Lighting.metal */ = {isa = PBXFileReference; lastKnownFileType = sourcecode.metal; path = Lighting.metal; sourceTree = "<group>"; };
		CE3BFF2928E056EB0014A752 /* BaseShaders.metal */ = {isa = PBXFileReference; lastKnownFileType = sourcecode.metal; path = BaseShaders.metal; sourceTree = "<group>"; };
		CE3BFF2B28E057590014A752 /* InstancedShaders.metal */ = {isa = PBXFileReference; lastKnownFileType = sourcecode.metal; path = InstancedShaders.metal; sourceTree = "<group>"; };
		CE3BFF3128E058C30014A752 /* Mouse.swift */ = {isa = PBXFileReference; lastKnownFileType = sourcecode.swift; path = Mouse.swift; sourceTree = "<group>"; };
		CE3BFF3328E058CE0014A752 /* Keycodes.swift */ = {isa = PBXFileReference; lastKnownFileType = sourcecode.swift; path = Keycodes.swift; sourceTree = "<group>"; };
		CE3BFF3528E058DC0014A752 /* Keyboard.swift */ = {isa = PBXFileReference; lastKnownFileType = sourcecode.swift; path = Keyboard.swift; sourceTree = "<group>"; };
		CE3BFF4228E1AEF80014A752 /* Preferences.swift */ = {isa = PBXFileReference; lastKnownFileType = sourcecode.swift; path = Preferences.swift; sourceTree = "<group>"; };
		CE3BFF4628E1B05A0014A752 /* SceneManager.swift */ = {isa = PBXFileReference; lastKnownFileType = sourcecode.swift; path = SceneManager.swift; sourceTree = "<group>"; };
		CE3BFF4A28E1B20D0014A752 /* GameTime.swift */ = {isa = PBXFileReference; lastKnownFileType = sourcecode.swift; path = GameTime.swift; sourceTree = "<group>"; };
		CE3BFF4F28E1B2230014A752 /* Library.swift */ = {isa = PBXFileReference; lastKnownFileType = sourcecode.swift; path = Library.swift; sourceTree = "<group>"; };
		CE3BFF5328E1B29C0014A752 /* ShaderLibrary.swift */ = {isa = PBXFileReference; lastKnownFileType = sourcecode.swift; path = ShaderLibrary.swift; sourceTree = "<group>"; };
		CE3BFF5728E1B2AD0014A752 /* RenderPipelineStateLibrary.swift */ = {isa = PBXFileReference; lastKnownFileType = sourcecode.swift; path = RenderPipelineStateLibrary.swift; sourceTree = "<group>"; };
		CE3BFF5B28E1B2BC0014A752 /* VertexDescriptorLibrary.swift */ = {isa = PBXFileReference; lastKnownFileType = sourcecode.swift; path = VertexDescriptorLibrary.swift; sourceTree = "<group>"; };
		CE3BFF5F28E1B2D10014A752 /* DepthStencilStateLibrary.swift */ = {isa = PBXFileReference; lastKnownFileType = sourcecode.swift; path = DepthStencilStateLibrary.swift; sourceTree = "<group>"; };
		CE3BFF6328E1B2DF0014A752 /* SamplerStateLibrary.swift */ = {isa = PBXFileReference; lastKnownFileType = sourcecode.swift; path = SamplerStateLibrary.swift; sourceTree = "<group>"; };
		CE3BFF6828E1B4C10014A752 /* Assets.swift */ = {isa = PBXFileReference; lastKnownFileType = sourcecode.swift; path = Assets.swift; sourceTree = "<group>"; };
		CE3BFF6D28E1B4D70014A752 /* MeshLibrary.swift */ = {isa = PBXFileReference; lastKnownFileType = sourcecode.swift; path = MeshLibrary.swift; sourceTree = "<group>"; };
		CE3BFF7128E1B4E10014A752 /* TextureLibrary.swift */ = {isa = PBXFileReference; lastKnownFileType = sourcecode.swift; path = TextureLibrary.swift; sourceTree = "<group>"; };
		CE3BFF7528E2FC0A0014A752 /* Scene.swift */ = {isa = PBXFileReference; lastKnownFileType = sourcecode.swift; path = Scene.swift; sourceTree = "<group>"; };
		CE3BFF7928E2FC270014A752 /* SandboxScene.swift */ = {isa = PBXFileReference; lastKnownFileType = sourcecode.swift; path = SandboxScene.swift; sourceTree = "<group>"; };
		CE3BFF7D28E2FCF50014A752 /* Node.swift */ = {isa = PBXFileReference; lastKnownFileType = sourcecode.swift; path = Node.swift; sourceTree = "<group>"; };
		CE3BFF8128E2FD6F0014A752 /* Renderable.swift */ = {isa = PBXFileReference; lastKnownFileType = sourcecode.swift; path = Renderable.swift; sourceTree = "<group>"; };
		CE3BFF8528E2FD9C0014A752 /* GameObject.swift */ = {isa = PBXFileReference; lastKnownFileType = sourcecode.swift; path = GameObject.swift; sourceTree = "<group>"; };
		CE3BFF8928E2FDB20014A752 /* InstancedGameObject.swift */ = {isa = PBXFileReference; lastKnownFileType = sourcecode.swift; path = InstancedGameObject.swift; sourceTree = "<group>"; };
		CE3BFF8D28E2FE140014A752 /* Math.swift */ = {isa = PBXFileReference; lastKnownFileType = sourcecode.swift; path = Math.swift; sourceTree = "<group>"; };
		CE3BFF9128E451E50014A752 /* CameraManager.swift */ = {isa = PBXFileReference; lastKnownFileType = sourcecode.swift; path = CameraManager.swift; sourceTree = "<group>"; };
		CE3BFF9528E451F00014A752 /* LightManager.swift */ = {isa = PBXFileReference; lastKnownFileType = sourcecode.swift; path = LightManager.swift; sourceTree = "<group>"; };
		CE3BFF9A28E4523D0014A752 /* Camera.swift */ = {isa = PBXFileReference; lastKnownFileType = sourcecode.swift; path = Camera.swift; sourceTree = "<group>"; };
		CE3BFF9E28E452480014A752 /* DebugCamera.swift */ = {isa = PBXFileReference; lastKnownFileType = sourcecode.swift; path = DebugCamera.swift; sourceTree = "<group>"; };
		CE3BFFA228E452F00014A752 /* LightObject.swift */ = {isa = PBXFileReference; lastKnownFileType = sourcecode.swift; path = LightObject.swift; sourceTree = "<group>"; };
		CE3BFFA628E453260014A752 /* Sun.swift */ = {isa = PBXFileReference; lastKnownFileType = sourcecode.swift; path = Sun.swift; sourceTree = "<group>"; };
		CE3BFFAA28E453310014A752 /* Quad.swift */ = {isa = PBXFileReference; lastKnownFileType = sourcecode.swift; path = Quad.swift; sourceTree = "<group>"; };
		CE3BFFAE28E572EC0014A752 /* SkySphereShaders.metal */ = {isa = PBXFileReference; lastKnownFileType = sourcecode.metal; path = SkySphereShaders.metal; sourceTree = "<group>"; };
		CE3BFFB228E572FB0014A752 /* FinalShaders.metal */ = {isa = PBXFileReference; lastKnownFileType = sourcecode.metal; path = FinalShaders.metal; sourceTree = "<group>"; };
		CE3BFFBB28E573BB0014A752 /* f16.obj */ = {isa = PBXFileReference; fileEncoding = 4; lastKnownFileType = text; path = f16.obj; sourceTree = "<group>"; };
		CE3BFFBC28E573BB0014A752 /* f16.mtl */ = {isa = PBXFileReference; fileEncoding = 4; lastKnownFileType = text; path = f16.mtl; sourceTree = "<group>"; };
		CE3BFFBD28E573BC0014A752 /* F16t.bmp */ = {isa = PBXFileReference; lastKnownFileType = image.bmp; path = F16t.bmp; sourceTree = "<group>"; };
		CE3BFFBE28E573BC0014A752 /* F16s.bmp */ = {isa = PBXFileReference; lastKnownFileType = image.bmp; path = F16s.bmp; sourceTree = "<group>"; };
		CE3BFFCB28E573C80014A752 /* sphere.obj */ = {isa = PBXFileReference; fileEncoding = 4; lastKnownFileType = text; path = sphere.obj; sourceTree = "<group>"; };
		CE3BFFCC28E573C80014A752 /* sphere.mtl */ = {isa = PBXFileReference; fileEncoding = 4; lastKnownFileType = text; path = sphere.mtl; sourceTree = "<group>"; };
		CE3BFFD328E573D60014A752 /* normal_example.png */ = {isa = PBXFileReference; lastKnownFileType = image.png; path = normal_example.png; sourceTree = "<group>"; };
		CE3BFFD428E573D60014A752 /* quad.mtl */ = {isa = PBXFileReference; fileEncoding = 4; lastKnownFileType = text; path = quad.mtl; sourceTree = "<group>"; };
		CE3BFFD528E573D60014A752 /* quad.obj */ = {isa = PBXFileReference; fileEncoding = 4; lastKnownFileType = text; path = quad.obj; sourceTree = "<group>"; };
		CE3BFFDF28E573E40014A752 /* clouds.png */ = {isa = PBXFileReference; lastKnownFileType = image.png; path = clouds.png; sourceTree = "<group>"; };
		CE3BFFE028E573E40014A752 /* skysphere.obj */ = {isa = PBXFileReference; fileEncoding = 4; lastKnownFileType = text; path = skysphere.obj; sourceTree = "<group>"; };
		CE3BFFE728E6A0F40014A752 /* F16.swift */ = {isa = PBXFileReference; lastKnownFileType = sourcecode.swift; path = F16.swift; sourceTree = "<group>"; };
		CE3E526228E9B15C00BBE8A0 /* SkySphere.swift */ = {isa = PBXFileReference; lastKnownFileType = sourcecode.swift; path = SkySphere.swift; sourceTree = "<group>"; };
		CE7F47EB28B758900082B197 /* Shaders_OG.metal */ = {isa = PBXFileReference; lastKnownFileType = sourcecode.metal; path = Shaders_OG.metal; sourceTree = "<group>"; };
		CE7F47EC28B758900082B197 /* Renderer_OG.swift */ = {isa = PBXFileReference; lastKnownFileType = sourcecode.swift; path = Renderer_OG.swift; sourceTree = "<group>"; };
		CE7F47ED28B758900082B197 /* ShaderTypes.h */ = {isa = PBXFileReference; lastKnownFileType = sourcecode.c.h; path = ShaderTypes.h; sourceTree = "<group>"; };
		CE7F47EE28B758920082B197 /* Assets.xcassets */ = {isa = PBXFileReference; lastKnownFileType = folder.assetcatalog; path = Assets.xcassets; sourceTree = "<group>"; };
		CE7F47F328B758920082B197 /* ToyFlightSimulator.app */ = {isa = PBXFileReference; explicitFileType = wrapper.application; includeInIndex = 0; path = ToyFlightSimulator.app; sourceTree = BUILT_PRODUCTS_DIR; };
		CE7F47F628B758920082B197 /* AppDelegate.swift */ = {isa = PBXFileReference; lastKnownFileType = sourcecode.swift; path = AppDelegate.swift; sourceTree = "<group>"; };
		CE7F47F828B758920082B197 /* GameViewController.swift */ = {isa = PBXFileReference; lastKnownFileType = sourcecode.swift; path = GameViewController.swift; sourceTree = "<group>"; };
		CE7F47FB28B758920082B197 /* Base */ = {isa = PBXFileReference; lastKnownFileType = file.storyboard; name = Base; path = Base.lproj/Main.storyboard; sourceTree = "<group>"; };
		CE7F47FE28B758920082B197 /* Base */ = {isa = PBXFileReference; lastKnownFileType = file.storyboard; name = Base; path = Base.lproj/LaunchScreen.storyboard; sourceTree = "<group>"; };
		CE7F480428B758920082B197 /* ToyFlightSimulator.app */ = {isa = PBXFileReference; explicitFileType = wrapper.application; includeInIndex = 0; path = ToyFlightSimulator.app; sourceTree = BUILT_PRODUCTS_DIR; };
		CE7F480628B758920082B197 /* AppDelegate.swift */ = {isa = PBXFileReference; lastKnownFileType = sourcecode.swift; path = AppDelegate.swift; sourceTree = "<group>"; };
		CE7F480828B758920082B197 /* GameViewController.swift */ = {isa = PBXFileReference; lastKnownFileType = sourcecode.swift; path = GameViewController.swift; sourceTree = "<group>"; };
		CE7F480B28B758920082B197 /* Base */ = {isa = PBXFileReference; lastKnownFileType = file.storyboard; name = Base; path = Base.lproj/Main.storyboard; sourceTree = "<group>"; };
		CE7F480E28B758920082B197 /* Base */ = {isa = PBXFileReference; lastKnownFileType = file.storyboard; name = Base; path = Base.lproj/LaunchScreen.storyboard; sourceTree = "<group>"; };
		CE7F481428B758920082B197 /* ToyFlightSimulator.app */ = {isa = PBXFileReference; explicitFileType = wrapper.application; includeInIndex = 0; path = ToyFlightSimulator.app; sourceTree = BUILT_PRODUCTS_DIR; };
		CE7F481628B758920082B197 /* AppDelegate.swift */ = {isa = PBXFileReference; lastKnownFileType = sourcecode.swift; path = AppDelegate.swift; sourceTree = "<group>"; };
		CE7F481828B758920082B197 /* GameViewController.swift */ = {isa = PBXFileReference; lastKnownFileType = sourcecode.swift; path = GameViewController.swift; sourceTree = "<group>"; };
		CE7F481B28B758920082B197 /* Base */ = {isa = PBXFileReference; lastKnownFileType = file.storyboard; name = Base; path = Base.lproj/Main.storyboard; sourceTree = "<group>"; };
		CE7F481D28B758920082B197 /* ToyFlightSimulator_macOS.entitlements */ = {isa = PBXFileReference; lastKnownFileType = text.plist.entitlements; path = ToyFlightSimulator_macOS.entitlements; sourceTree = "<group>"; };
		CE7F483528B76FE30082B197 /* Shaders.metal */ = {isa = PBXFileReference; lastKnownFileType = sourcecode.metal; path = Shaders.metal; sourceTree = "<group>"; };
		CE7F483928B76FF60082B197 /* Renderer.swift */ = {isa = PBXFileReference; lastKnownFileType = sourcecode.swift; path = Renderer.swift; sourceTree = "<group>"; };
		CE7F483D28B770B00082B197 /* Colors.swift */ = {isa = PBXFileReference; lastKnownFileType = sourcecode.swift; path = Colors.swift; sourceTree = "<group>"; };
		CE7F484128B770C20082B197 /* Node_1.swift */ = {isa = PBXFileReference; lastKnownFileType = sourcecode.swift; path = Node_1.swift; sourceTree = "<group>"; };
		CE7F484528B770EB0082B197 /* MathUtils.swift */ = {isa = PBXFileReference; lastKnownFileType = sourcecode.swift; path = MathUtils.swift; sourceTree = "<group>"; };
		CE7F484928B771390082B197 /* Light.swift */ = {isa = PBXFileReference; lastKnownFileType = sourcecode.swift; path = Light.swift; sourceTree = "<group>"; };
		CE7F484D28B771550082B197 /* TimeIt.swift */ = {isa = PBXFileReference; lastKnownFileType = sourcecode.swift; path = TimeIt.swift; sourceTree = "<group>"; };
		CE7F48A728BB0BED0082B197 /* FlyCameraController.swift */ = {isa = PBXFileReference; lastKnownFileType = sourcecode.swift; path = FlyCameraController.swift; sourceTree = "<group>"; };
		CE7F48AB28BB17070082B197 /* GameMesh.swift */ = {isa = PBXFileReference; lastKnownFileType = sourcecode.swift; path = GameMesh.swift; sourceTree = "<group>"; };
		CE7F48AF28BB1C3F0082B197 /* GameVertexDescriptor.swift */ = {isa = PBXFileReference; lastKnownFileType = sourcecode.swift; path = GameVertexDescriptor.swift; sourceTree = "<group>"; };
		CE7F48B328BB26670082B197 /* SimulationController.swift */ = {isa = PBXFileReference; lastKnownFileType = sourcecode.swift; path = SimulationController.swift; sourceTree = "<group>"; };
		CE7F48D228BCB4DD0082B197 /* GameView.swift */ = {isa = PBXFileReference; lastKnownFileType = sourcecode.swift; path = GameView.swift; sourceTree = "<group>"; };
/* End PBXFileReference section */

/* Begin PBXFrameworksBuildPhase section */
		CE7F47F028B758920082B197 /* Frameworks */ = {
			isa = PBXFrameworksBuildPhase;
			buildActionMask = 2147483647;
			files = (
			);
			runOnlyForDeploymentPostprocessing = 0;
		};
		CE7F480128B758920082B197 /* Frameworks */ = {
			isa = PBXFrameworksBuildPhase;
			buildActionMask = 2147483647;
			files = (
			);
			runOnlyForDeploymentPostprocessing = 0;
		};
		CE7F481128B758920082B197 /* Frameworks */ = {
			isa = PBXFrameworksBuildPhase;
			buildActionMask = 2147483647;
			files = (
			);
			runOnlyForDeploymentPostprocessing = 0;
		};
/* End PBXFrameworksBuildPhase section */

/* Begin PBXGroup section */
		CE3BFF2228E056020014A752 /* Graphics */ = {
			isa = PBXGroup;
			children = (
				CE3BFF2328E056230014A752 /* Graphics.swift */,
				CE7F48BA28BB93660082B197 /* Libraries */,
				CE7F48BB28BB93720082B197 /* Shaders */,
			);
			path = Graphics;
			sourceTree = "<group>";
		};
		CE3BFF2D28E057CC0014A752 /* Math */ = {
			isa = PBXGroup;
			children = (
				CE3BFF8D28E2FE140014A752 /* Math.swift */,
				CE7F484528B770EB0082B197 /* MathUtils.swift */,
			);
			path = Math;
			sourceTree = "<group>";
		};
		CE3BFF2E28E057F50014A752 /* Scenes */ = {
			isa = PBXGroup;
			children = (
				CE3BFF7528E2FC0A0014A752 /* Scene.swift */,
				CE3BFF7928E2FC270014A752 /* SandboxScene.swift */,
			);
			path = Scenes;
			sourceTree = "<group>";
		};
		CE3BFF2F28E057FF0014A752 /* GameObjects */ = {
			isa = PBXGroup;
			children = (
				CE3BFF9928E452290014A752 /* Cameras */,
				CE3BFF8128E2FD6F0014A752 /* Renderable.swift */,
				CE3BFF7D28E2FCF50014A752 /* Node.swift */,
				CE3BFF8528E2FD9C0014A752 /* GameObject.swift */,
				CE3BFF8928E2FDB20014A752 /* InstancedGameObject.swift */,
				CE3BFFA228E452F00014A752 /* LightObject.swift */,
				CE3BFFA628E453260014A752 /* Sun.swift */,
				CE3BFFAA28E453310014A752 /* Quad.swift */,
				CE3BFFE728E6A0F40014A752 /* F16.swift */,
				CE3E526228E9B15C00BBE8A0 /* SkySphere.swift */,
			);
			path = GameObjects;
			sourceTree = "<group>";
		};
		CE3BFF3028E058AE0014A752 /* Input */ = {
			isa = PBXGroup;
			children = (
				CE3BFF3528E058DC0014A752 /* Keyboard.swift */,
				CE3BFF3328E058CE0014A752 /* Keycodes.swift */,
				CE3BFF3128E058C30014A752 /* Mouse.swift */,
			);
			path = Input;
			sourceTree = "<group>";
		};
		CE3BFF4528E1B0310014A752 /* Managers */ = {
			isa = PBXGroup;
			children = (
				CE3BFF4628E1B05A0014A752 /* SceneManager.swift */,
				CE3BFF9128E451E50014A752 /* CameraManager.swift */,
				CE3BFF9528E451F00014A752 /* LightManager.swift */,
			);
			path = Managers;
			sourceTree = "<group>";
		};
		CE3BFF4928E1B1FA0014A752 /* Types */ = {
			isa = PBXGroup;
			children = (
				CE3BFF1E28E054880014A752 /* MetalTypes.swift */,
				CE3BFF4A28E1B20D0014A752 /* GameTime.swift */,
				CE3BFF4F28E1B2230014A752 /* Library.swift */,
			);
			path = Types;
			sourceTree = "<group>";
		};
		CE3BFF6728E1B4AF0014A752 /* Assets */ = {
			isa = PBXGroup;
			children = (
				CE3BFF6828E1B4C10014A752 /* Assets.swift */,
				CE3BFF6C28E1B4C60014A752 /* Libraries */,
			);
			path = Assets;
			sourceTree = "<group>";
		};
		CE3BFF6C28E1B4C60014A752 /* Libraries */ = {
			isa = PBXGroup;
			children = (
				CE3BFF6D28E1B4D70014A752 /* MeshLibrary.swift */,
				CE3BFF7128E1B4E10014A752 /* TextureLibrary.swift */,
			);
			path = Libraries;
			sourceTree = "<group>";
		};
		CE3BFF9928E452290014A752 /* Cameras */ = {
			isa = PBXGroup;
			children = (
				CE3BFF9A28E4523D0014A752 /* Camera.swift */,
				CE3BFF9E28E452480014A752 /* DebugCamera.swift */,
			);
			path = Cameras;
			sourceTree = "<group>";
		};
		CE3BFFB628E573690014A752 /* Resources */ = {
			isa = PBXGroup;
			children = (
				CE3BFFB928E573870014A752 /* Sphere */,
				CE3BFFB828E573800014A752 /* Quad */,
				CE3BFFB728E573730014A752 /* Skysphere */,
				CE3BFFBA28E573920014A752 /* F16 */,
			);
			path = Resources;
			sourceTree = "<group>";
		};
		CE3BFFB728E573730014A752 /* Skysphere */ = {
			isa = PBXGroup;
			children = (
				CE3BFFDF28E573E40014A752 /* clouds.png */,
				CE3BFFE028E573E40014A752 /* skysphere.obj */,
			);
			path = Skysphere;
			sourceTree = "<group>";
		};
		CE3BFFB828E573800014A752 /* Quad */ = {
			isa = PBXGroup;
			children = (
				CE3BFFD328E573D60014A752 /* normal_example.png */,
				CE3BFFD428E573D60014A752 /* quad.mtl */,
				CE3BFFD528E573D60014A752 /* quad.obj */,
			);
			path = Quad;
			sourceTree = "<group>";
		};
		CE3BFFB928E573870014A752 /* Sphere */ = {
			isa = PBXGroup;
			children = (
				CE3BFFCC28E573C80014A752 /* sphere.mtl */,
				CE3BFFCB28E573C80014A752 /* sphere.obj */,
			);
			path = Sphere;
			sourceTree = "<group>";
		};
		CE3BFFBA28E573920014A752 /* F16 */ = {
			isa = PBXGroup;
			children = (
				CE3BFFBC28E573BB0014A752 /* f16.mtl */,
				CE3BFFBB28E573BB0014A752 /* f16.obj */,
				CE3BFFBE28E573BC0014A752 /* F16s.bmp */,
				CE3BFFBD28E573BC0014A752 /* F16t.bmp */,
			);
			path = F16;
			sourceTree = "<group>";
		};
		CE7F47E528B758900082B197 = {
			isa = PBXGroup;
			children = (
				CE7F47EA28B758900082B197 /* ToyFlightSimulator Shared */,
				CE7F47F528B758920082B197 /* ToyFlightSimulator iOS */,
				CE7F480528B758920082B197 /* ToyFlightSimulator tvOS */,
				CE7F481528B758920082B197 /* ToyFlightSimulator macOS */,
				CE7F47F428B758920082B197 /* Products */,
			);
			sourceTree = "<group>";
		};
		CE7F47EA28B758900082B197 /* ToyFlightSimulator Shared */ = {
			isa = PBXGroup;
			children = (
				CE7F48B928BB93550082B197 /* Core */,
				CE3BFF2228E056020014A752 /* Graphics */,
				CE3BFF6728E1B4AF0014A752 /* Assets */,
				CE3BFF4528E1B0310014A752 /* Managers */,
				CE3BFF2F28E057FF0014A752 /* GameObjects */,
				CE3BFF2E28E057F50014A752 /* Scenes */,
				CE3BFF2D28E057CC0014A752 /* Math */,
				CE7F48BC28BB937F0082B197 /* Display */,
				CE7F47ED28B758900082B197 /* ShaderTypes.h */,
				CE7F47EB28B758900082B197 /* Shaders_OG.metal */,
				CE7F47EC28B758900082B197 /* Renderer_OG.swift */,
				CE7F47EE28B758920082B197 /* Assets.xcassets */,
				CE7F483528B76FE30082B197 /* Shaders.metal */,
				CE7F483D28B770B00082B197 /* Colors.swift */,
				CE7F484128B770C20082B197 /* Node_1.swift */,
				CE7F484928B771390082B197 /* Light.swift */,
				CE7F484D28B771550082B197 /* TimeIt.swift */,
				CE7F48A728BB0BED0082B197 /* FlyCameraController.swift */,
				CE7F48AB28BB17070082B197 /* GameMesh.swift */,
				CE7F48AF28BB1C3F0082B197 /* GameVertexDescriptor.swift */,
				CE7F48B328BB26670082B197 /* SimulationController.swift */,
			);
			path = "ToyFlightSimulator Shared";
			sourceTree = "<group>";
		};
		CE7F47F428B758920082B197 /* Products */ = {
			isa = PBXGroup;
			children = (
				CE7F47F328B758920082B197 /* ToyFlightSimulator.app */,
				CE7F480428B758920082B197 /* ToyFlightSimulator.app */,
				CE7F481428B758920082B197 /* ToyFlightSimulator.app */,
			);
			name = Products;
			sourceTree = "<group>";
		};
		CE7F47F528B758920082B197 /* ToyFlightSimulator iOS */ = {
			isa = PBXGroup;
			children = (
				CE7F47F628B758920082B197 /* AppDelegate.swift */,
				CE7F47F828B758920082B197 /* GameViewController.swift */,
				CE7F47FA28B758920082B197 /* Main.storyboard */,
				CE7F47FD28B758920082B197 /* LaunchScreen.storyboard */,
			);
			path = "ToyFlightSimulator iOS";
			sourceTree = "<group>";
		};
		CE7F480528B758920082B197 /* ToyFlightSimulator tvOS */ = {
			isa = PBXGroup;
			children = (
				CE7F480628B758920082B197 /* AppDelegate.swift */,
				CE7F480828B758920082B197 /* GameViewController.swift */,
				CE7F480A28B758920082B197 /* Main.storyboard */,
				CE7F480D28B758920082B197 /* LaunchScreen.storyboard */,
			);
			path = "ToyFlightSimulator tvOS";
			sourceTree = "<group>";
		};
		CE7F481528B758920082B197 /* ToyFlightSimulator macOS */ = {
			isa = PBXGroup;
			children = (
				CE7F481628B758920082B197 /* AppDelegate.swift */,
				CE7F481828B758920082B197 /* GameViewController.swift */,
				CE7F481A28B758920082B197 /* Main.storyboard */,
				CE7F481D28B758920082B197 /* ToyFlightSimulator_macOS.entitlements */,
			);
			path = "ToyFlightSimulator macOS";
			sourceTree = "<group>";
		};
		CE7F48B928BB93550082B197 /* Core */ = {
			isa = PBXGroup;
			children = (
				CE3BFFB628E573690014A752 /* Resources */,
				CE3BFF4928E1B1FA0014A752 /* Types */,
				CE3BFF3028E058AE0014A752 /* Input */,
				CE3BFF2028E055BB0014A752 /* Engine.swift */,
				CE3BFF4228E1AEF80014A752 /* Preferences.swift */,
			);
			path = Core;
			sourceTree = "<group>";
		};
		CE7F48BA28BB93660082B197 /* Libraries */ = {
			isa = PBXGroup;
			children = (
				CE3BFF5328E1B29C0014A752 /* ShaderLibrary.swift */,
				CE3BFF5728E1B2AD0014A752 /* RenderPipelineStateLibrary.swift */,
				CE3BFF5B28E1B2BC0014A752 /* VertexDescriptorLibrary.swift */,
				CE3BFF5F28E1B2D10014A752 /* DepthStencilStateLibrary.swift */,
				CE3BFF6328E1B2DF0014A752 /* SamplerStateLibrary.swift */,
			);
			path = Libraries;
			sourceTree = "<group>";
		};
		CE7F48BB28BB93720082B197 /* Shaders */ = {
			isa = PBXGroup;
			children = (
				CE3BFF2528E056720014A752 /* Shared.metal */,
				CE3BFF2728E056BB0014A752 /* Lighting.metal */,
				CE3BFF2928E056EB0014A752 /* BaseShaders.metal */,
				CE3BFF2B28E057590014A752 /* InstancedShaders.metal */,
				CE3BFFAE28E572EC0014A752 /* SkySphereShaders.metal */,
				CE3BFFB228E572FB0014A752 /* FinalShaders.metal */,
			);
			path = Shaders;
			sourceTree = "<group>";
		};
		CE7F48BC28BB937F0082B197 /* Display */ = {
			isa = PBXGroup;
			children = (
				CE7F483928B76FF60082B197 /* Renderer.swift */,
				CE7F48D228BCB4DD0082B197 /* GameView.swift */,
			);
			path = Display;
			sourceTree = "<group>";
		};
/* End PBXGroup section */

/* Begin PBXNativeTarget section */
		CE7F47F228B758920082B197 /* ToyFlightSimulator iOS */ = {
			isa = PBXNativeTarget;
			buildConfigurationList = CE7F482C28B758920082B197 /* Build configuration list for PBXNativeTarget "ToyFlightSimulator iOS" */;
			buildPhases = (
				CE7F47EF28B758920082B197 /* Sources */,
				CE7F47F028B758920082B197 /* Frameworks */,
				CE7F47F128B758920082B197 /* Resources */,
			);
			buildRules = (
			);
			dependencies = (
			);
			name = "ToyFlightSimulator iOS";
			productName = "ToyFlightSimulator iOS";
			productReference = CE7F47F328B758920082B197 /* ToyFlightSimulator.app */;
			productType = "com.apple.product-type.application";
		};
		CE7F480328B758920082B197 /* ToyFlightSimulator tvOS */ = {
			isa = PBXNativeTarget;
			buildConfigurationList = CE7F482F28B758920082B197 /* Build configuration list for PBXNativeTarget "ToyFlightSimulator tvOS" */;
			buildPhases = (
				CE7F480028B758920082B197 /* Sources */,
				CE7F480128B758920082B197 /* Frameworks */,
				CE7F480228B758920082B197 /* Resources */,
			);
			buildRules = (
			);
			dependencies = (
			);
			name = "ToyFlightSimulator tvOS";
			productName = "ToyFlightSimulator tvOS";
			productReference = CE7F480428B758920082B197 /* ToyFlightSimulator.app */;
			productType = "com.apple.product-type.application";
		};
		CE7F481328B758920082B197 /* ToyFlightSimulator macOS */ = {
			isa = PBXNativeTarget;
			buildConfigurationList = CE7F483228B758920082B197 /* Build configuration list for PBXNativeTarget "ToyFlightSimulator macOS" */;
			buildPhases = (
				CE7F481028B758920082B197 /* Sources */,
				CE7F481128B758920082B197 /* Frameworks */,
				CE7F481228B758920082B197 /* Resources */,
			);
			buildRules = (
			);
			dependencies = (
			);
			name = "ToyFlightSimulator macOS";
			productName = "ToyFlightSimulator macOS";
			productReference = CE7F481428B758920082B197 /* ToyFlightSimulator.app */;
			productType = "com.apple.product-type.application";
		};
/* End PBXNativeTarget section */

/* Begin PBXProject section */
		CE7F47E628B758900082B197 /* Project object */ = {
			isa = PBXProject;
			attributes = {
				BuildIndependentTargetsInParallel = 1;
				LastSwiftUpdateCheck = 1340;
				LastUpgradeCheck = 1400;
				TargetAttributes = {
					CE7F47F228B758920082B197 = {
						CreatedOnToolsVersion = 13.4.1;
					};
					CE7F480328B758920082B197 = {
						CreatedOnToolsVersion = 13.4.1;
					};
					CE7F481328B758920082B197 = {
						CreatedOnToolsVersion = 13.4.1;
					};
				};
			};
			buildConfigurationList = CE7F47E928B758900082B197 /* Build configuration list for PBXProject "ToyFlightSimulator" */;
			compatibilityVersion = "Xcode 13.0";
			developmentRegion = en;
			hasScannedForEncodings = 0;
			knownRegions = (
				en,
				Base,
			);
			mainGroup = CE7F47E528B758900082B197;
			productRefGroup = CE7F47F428B758920082B197 /* Products */;
			projectDirPath = "";
			projectRoot = "";
			targets = (
				CE7F47F228B758920082B197 /* ToyFlightSimulator iOS */,
				CE7F480328B758920082B197 /* ToyFlightSimulator tvOS */,
				CE7F481328B758920082B197 /* ToyFlightSimulator macOS */,
			);
		};
/* End PBXProject section */

/* Begin PBXResourcesBuildPhase section */
		CE7F47F128B758920082B197 /* Resources */ = {
			isa = PBXResourcesBuildPhase;
			buildActionMask = 2147483647;
			files = (
				CE3BFFE428E573E40014A752 /* skysphere.obj in Resources */,
				CE3BFFD628E573D60014A752 /* normal_example.png in Resources */,
				CE7F482428B758920082B197 /* ShaderTypes.h in Resources */,
				CE3BFFBF28E573BC0014A752 /* f16.obj in Resources */,
				CE7F47FC28B758920082B197 /* Main.storyboard in Resources */,
				CE3BFFC228E573BC0014A752 /* f16.mtl in Resources */,
				CE3BFFD028E573C80014A752 /* sphere.mtl in Resources */,
				CE3BFFD928E573D60014A752 /* quad.mtl in Resources */,
				CE3BFFCD28E573C80014A752 /* sphere.obj in Resources */,
				CE3BFFDC28E573D60014A752 /* quad.obj in Resources */,
				CE3BFFC528E573BC0014A752 /* F16t.bmp in Resources */,
				CE3BFFC828E573BC0014A752 /* F16s.bmp in Resources */,
				CE7F482728B758920082B197 /* Assets.xcassets in Resources */,
				CE7F47FF28B758920082B197 /* LaunchScreen.storyboard in Resources */,
				CE3BFFE128E573E40014A752 /* clouds.png in Resources */,
			);
			runOnlyForDeploymentPostprocessing = 0;
		};
		CE7F480228B758920082B197 /* Resources */ = {
			isa = PBXResourcesBuildPhase;
			buildActionMask = 2147483647;
			files = (
				CE3BFFE528E573E40014A752 /* skysphere.obj in Resources */,
				CE3BFFD728E573D60014A752 /* normal_example.png in Resources */,
				CE7F482528B758920082B197 /* ShaderTypes.h in Resources */,
				CE3BFFC028E573BC0014A752 /* f16.obj in Resources */,
				CE7F480C28B758920082B197 /* Main.storyboard in Resources */,
				CE3BFFC328E573BC0014A752 /* f16.mtl in Resources */,
				CE3BFFD128E573C80014A752 /* sphere.mtl in Resources */,
				CE3BFFDA28E573D60014A752 /* quad.mtl in Resources */,
				CE3BFFCE28E573C80014A752 /* sphere.obj in Resources */,
				CE3BFFDD28E573D60014A752 /* quad.obj in Resources */,
				CE3BFFC628E573BC0014A752 /* F16t.bmp in Resources */,
				CE3BFFC928E573BC0014A752 /* F16s.bmp in Resources */,
				CE7F482828B758920082B197 /* Assets.xcassets in Resources */,
				CE7F480F28B758920082B197 /* LaunchScreen.storyboard in Resources */,
				CE3BFFE228E573E40014A752 /* clouds.png in Resources */,
			);
			runOnlyForDeploymentPostprocessing = 0;
		};
		CE7F481228B758920082B197 /* Resources */ = {
			isa = PBXResourcesBuildPhase;
			buildActionMask = 2147483647;
			files = (
				CE3BFFDE28E573D60014A752 /* quad.obj in Resources */,
				CE3BFFCA28E573BC0014A752 /* F16s.bmp in Resources */,
				CE3BFFD828E573D60014A752 /* normal_example.png in Resources */,
				CE7F481C28B758920082B197 /* Main.storyboard in Resources */,
				CE3BFFE628E573E40014A752 /* skysphere.obj in Resources */,
				CE3BFFCF28E573C80014A752 /* sphere.obj in Resources */,
				CE3BFFC428E573BC0014A752 /* f16.mtl in Resources */,
				CE3BFFC128E573BC0014A752 /* f16.obj in Resources */,
				CE3BFFE328E573E40014A752 /* clouds.png in Resources */,
				CE7F482928B758920082B197 /* Assets.xcassets in Resources */,
				CE3BFFC728E573BC0014A752 /* F16t.bmp in Resources */,
				CE3BFFDB28E573D60014A752 /* quad.mtl in Resources */,
				CE3BFFD228E573C80014A752 /* sphere.mtl in Resources */,
				CE7F482628B758920082B197 /* ShaderTypes.h in Resources */,
			);
			runOnlyForDeploymentPostprocessing = 0;
		};
/* End PBXResourcesBuildPhase section */

/* Begin PBXSourcesBuildPhase section */
		CE7F47EF28B758920082B197 /* Sources */ = {
			isa = PBXSourcesBuildPhase;
			buildActionMask = 2147483647;
			files = (
				CE3BFF6028E1B2D10014A752 /* DepthStencilStateLibrary.swift in Sources */,
				CE7F48B028BB1C3F0082B197 /* GameVertexDescriptor.swift in Sources */,
				CE3BFF2A28E056EB0014A752 /* BaseShaders.metal in Sources */,
				CE7F48B428BB26670082B197 /* SimulationController.swift in Sources */,
				CE3BFF1F28E054880014A752 /* MetalTypes.swift in Sources */,
				CE3BFFB328E572FB0014A752 /* FinalShaders.metal in Sources */,
				CE7F48A828BB0BED0082B197 /* FlyCameraController.swift in Sources */,
				CE3BFF2628E056720014A752 /* Shared.metal in Sources */,
				CE7F484628B770EB0082B197 /* MathUtils.swift in Sources */,
				CE3BFFAF28E572EC0014A752 /* SkySphereShaders.metal in Sources */,
				CE3BFF8628E2FD9C0014A752 /* GameObject.swift in Sources */,
				CE3BFF3228E058C30014A752 /* Mouse.swift in Sources */,
				CE3BFF8228E2FD6F0014A752 /* Renderable.swift in Sources */,
				CE3BFF2C28E0575A0014A752 /* InstancedShaders.metal in Sources */,
				CE3BFFE828E6A0F40014A752 /* F16.swift in Sources */,
				CE7F48AC28BB17070082B197 /* GameMesh.swift in Sources */,
				CE3BFF4728E1B05A0014A752 /* SceneManager.swift in Sources */,
				CE7F482128B758920082B197 /* Renderer_OG.swift in Sources */,
				CE3BFF2128E055BB0014A752 /* Engine.swift in Sources */,
				CE3BFF2828E056BB0014A752 /* Lighting.metal in Sources */,
				CE3BFF5828E1B2AD0014A752 /* RenderPipelineStateLibrary.swift in Sources */,
				CE3BFF8A28E2FDB20014A752 /* InstancedGameObject.swift in Sources */,
				CE3BFFA328E452F00014A752 /* LightObject.swift in Sources */,
				CE3BFFAB28E453310014A752 /* Quad.swift in Sources */,
				CE3E526328E9B15C00BBE8A0 /* SkySphere.swift in Sources */,
				CE3BFF5C28E1B2BC0014A752 /* VertexDescriptorLibrary.swift in Sources */,
				CE3BFF7628E2FC0A0014A752 /* Scene.swift in Sources */,
				CE3BFF7A28E2FC270014A752 /* SandboxScene.swift in Sources */,
				CE7F481E28B758920082B197 /* Shaders_OG.metal in Sources */,
				CE7F47F928B758920082B197 /* GameViewController.swift in Sources */,
				CE3BFF2428E056230014A752 /* Graphics.swift in Sources */,
				CE3BFF6E28E1B4D70014A752 /* MeshLibrary.swift in Sources */,
				CE3BFF5028E1B2230014A752 /* Library.swift in Sources */,
				CE7F484228B770C20082B197 /* Node_1.swift in Sources */,
				CE3BFF4328E1AEF80014A752 /* Preferences.swift in Sources */,
				CE3BFF8E28E2FE140014A752 /* Math.swift in Sources */,
				CE3BFF4B28E1B20D0014A752 /* GameTime.swift in Sources */,
				CE7F483E28B770B00082B197 /* Colors.swift in Sources */,
				CE3BFF9B28E4523D0014A752 /* Camera.swift in Sources */,
				CE3BFF9228E451E50014A752 /* CameraManager.swift in Sources */,
				CE3BFF5428E1B29C0014A752 /* ShaderLibrary.swift in Sources */,
				CE3BFF7228E1B4E10014A752 /* TextureLibrary.swift in Sources */,
				CE3BFF9628E451F00014A752 /* LightManager.swift in Sources */,
				CE3BFF6928E1B4C10014A752 /* Assets.swift in Sources */,
				CE3BFF3628E058DC0014A752 /* Keyboard.swift in Sources */,
				CE3BFF6428E1B2DF0014A752 /* SamplerStateLibrary.swift in Sources */,
				CE3BFF7E28E2FCF50014A752 /* Node.swift in Sources */,
				CE7F484A28B771390082B197 /* Light.swift in Sources */,
				CE7F484E28B771550082B197 /* TimeIt.swift in Sources */,
				CE3BFF9F28E452480014A752 /* DebugCamera.swift in Sources */,
				CE3BFF3428E058CE0014A752 /* Keycodes.swift in Sources */,
				CE7F47F728B758920082B197 /* AppDelegate.swift in Sources */,
				CE3BFFA728E453260014A752 /* Sun.swift in Sources */,
				CE7F483A28B76FF60082B197 /* Renderer.swift in Sources */,
				CE7F48D328BCB4DD0082B197 /* GameView.swift in Sources */,
				CE7F483628B76FE30082B197 /* Shaders.metal in Sources */,
			);
			runOnlyForDeploymentPostprocessing = 0;
		};
		CE7F480028B758920082B197 /* Sources */ = {
			isa = PBXSourcesBuildPhase;
			buildActionMask = 2147483647;
			files = (
				CE3BFF4C28E1B20D0014A752 /* GameTime.swift in Sources */,
				CE7F48B128BB1C3F0082B197 /* GameVertexDescriptor.swift in Sources */,
				CE3E526428E9B15C00BBE8A0 /* SkySphere.swift in Sources */,
				CE7F48B528BB26670082B197 /* SimulationController.swift in Sources */,
				CE3BFF5928E1B2AD0014A752 /* RenderPipelineStateLibrary.swift in Sources */,
				CE3BFF7728E2FC0A0014A752 /* Scene.swift in Sources */,
				CE3BFF6128E1B2D10014A752 /* DepthStencilStateLibrary.swift in Sources */,
				CE3BFF5D28E1B2BC0014A752 /* VertexDescriptorLibrary.swift in Sources */,
				CE3BFF8B28E2FDB20014A752 /* InstancedGameObject.swift in Sources */,
				CE3BFF6528E1B2DF0014A752 /* SamplerStateLibrary.swift in Sources */,
				CE7F48A928BB0BED0082B197 /* FlyCameraController.swift in Sources */,
				CE3BFFAC28E453310014A752 /* Quad.swift in Sources */,
				CE3BFFA828E453260014A752 /* Sun.swift in Sources */,
				CE3BFF6A28E1B4C10014A752 /* Assets.swift in Sources */,
				CE7F484728B770EB0082B197 /* MathUtils.swift in Sources */,
				CE3BFF9728E451F00014A752 /* LightManager.swift in Sources */,
				CE3BFF6F28E1B4D70014A752 /* MeshLibrary.swift in Sources */,
				CE3BFF9C28E4523D0014A752 /* Camera.swift in Sources */,
				CE7F48AD28BB17070082B197 /* GameMesh.swift in Sources */,
				CE3BFFA028E452480014A752 /* DebugCamera.swift in Sources */,
				CE3BFF8328E2FD6F0014A752 /* Renderable.swift in Sources */,
				CE3BFF7B28E2FC270014A752 /* SandboxScene.swift in Sources */,
				CE3BFF5128E1B2230014A752 /* Library.swift in Sources */,
				CE7F482228B758920082B197 /* Renderer_OG.swift in Sources */,
				CE7F481F28B758920082B197 /* Shaders_OG.metal in Sources */,
				CE7F480928B758920082B197 /* GameViewController.swift in Sources */,
				CE3BFFE928E6A0F40014A752 /* F16.swift in Sources */,
				CE3BFF7328E1B4E10014A752 /* TextureLibrary.swift in Sources */,
				CE3BFF5528E1B29C0014A752 /* ShaderLibrary.swift in Sources */,
				CE3BFFB028E572EC0014A752 /* SkySphereShaders.metal in Sources */,
				CE3BFF4E28E1B2150014A752 /* MetalTypes.swift in Sources */,
				CE3BFF7F28E2FCF50014A752 /* Node.swift in Sources */,
				CE7F484328B770C20082B197 /* Node_1.swift in Sources */,
				CE3BFFB428E572FB0014A752 /* FinalShaders.metal in Sources */,
				CE7F483F28B770B00082B197 /* Colors.swift in Sources */,
				CE7F484B28B771390082B197 /* Light.swift in Sources */,
				CE3BFF8F28E2FE140014A752 /* Math.swift in Sources */,
				CE7F484F28B771550082B197 /* TimeIt.swift in Sources */,
				CE3BFF9328E451E50014A752 /* CameraManager.swift in Sources */,
				CE7F480728B758920082B197 /* AppDelegate.swift in Sources */,
				CE3BFF8728E2FD9C0014A752 /* GameObject.swift in Sources */,
				CE3BFFA428E452F00014A752 /* LightObject.swift in Sources */,
				CE7F483B28B76FF60082B197 /* Renderer.swift in Sources */,
				CE7F48D428BCB4DD0082B197 /* GameView.swift in Sources */,
				CE7F483728B76FE30082B197 /* Shaders.metal in Sources */,
			);
			runOnlyForDeploymentPostprocessing = 0;
		};
		CE7F481028B758920082B197 /* Sources */ = {
			isa = PBXSourcesBuildPhase;
			buildActionMask = 2147483647;
			files = (
				CE3BFF6228E1B2D10014A752 /* DepthStencilStateLibrary.swift in Sources */,
				CE7F48B228BB1C3F0082B197 /* GameVertexDescriptor.swift in Sources */,
				CE3BFF3D28E059B60014A752 /* Shared.metal in Sources */,
				CE7F48B628BB26670082B197 /* SimulationController.swift in Sources */,
				CE7F48AA28BB0BED0082B197 /* FlyCameraController.swift in Sources */,
				CE3BFFB528E572FB0014A752 /* FinalShaders.metal in Sources */,
				CE7F484828B770EB0082B197 /* MathUtils.swift in Sources */,
				CE7F48AE28BB17070082B197 /* GameMesh.swift in Sources */,
				CE7F482328B758920082B197 /* Renderer_OG.swift in Sources */,
				CE3BFFB128E572EC0014A752 /* SkySphereShaders.metal in Sources */,
				CE3BFF8828E2FD9C0014A752 /* GameObject.swift in Sources */,
				CE7F482028B758920082B197 /* Shaders_OG.metal in Sources */,
				CE3BFF8428E2FD6F0014A752 /* Renderable.swift in Sources */,
				CE7F481928B758920082B197 /* GameViewController.swift in Sources */,
				CE3BFFEA28E6A0F40014A752 /* F16.swift in Sources */,
				CE7F484428B770C20082B197 /* Node_1.swift in Sources */,
				CE3BFF4828E1B0CE0014A752 /* SceneManager.swift in Sources */,
				CE7F484028B770B00082B197 /* Colors.swift in Sources */,
				CE7F484C28B771390082B197 /* Light.swift in Sources */,
				CE7F485028B771550082B197 /* TimeIt.swift in Sources */,
				CE3BFF5A28E1B2AD0014A752 /* RenderPipelineStateLibrary.swift in Sources */,
				CE3BFF8C28E2FDB20014A752 /* InstancedGameObject.swift in Sources */,
				CE3BFFA528E452F00014A752 /* LightObject.swift in Sources */,
				CE3BFFAD28E453310014A752 /* Quad.swift in Sources */,
				CE3E526528E9B15C00BBE8A0 /* SkySphere.swift in Sources */,
				CE3BFF5E28E1B2BC0014A752 /* VertexDescriptorLibrary.swift in Sources */,
				CE3BFF7828E2FC0A0014A752 /* Scene.swift in Sources */,
				CE3BFF7C28E2FC270014A752 /* SandboxScene.swift in Sources */,
				CE3BFF3C28E059AD0014A752 /* Graphics.swift in Sources */,
				CE3BFF3928E059980014A752 /* Mouse.swift in Sources */,
				CE3BFF3E28E059B60014A752 /* BaseShaders.metal in Sources */,
				CE3BFF7028E1B4D70014A752 /* MeshLibrary.swift in Sources */,
				CE3BFF5228E1B2230014A752 /* Library.swift in Sources */,
				CE3BFF3B28E0599F0014A752 /* Engine.swift in Sources */,
				CE3BFF4428E1AF490014A752 /* Preferences.swift in Sources */,
				CE3BFF9028E2FE140014A752 /* Math.swift in Sources */,
				CE3BFF4D28E1B20D0014A752 /* GameTime.swift in Sources */,
				CE7F481728B758920082B197 /* AppDelegate.swift in Sources */,
				CE3BFF9D28E4523D0014A752 /* Camera.swift in Sources */,
				CE3BFF9428E451E50014A752 /* CameraManager.swift in Sources */,
				CE3BFF5628E1B29C0014A752 /* ShaderLibrary.swift in Sources */,
				CE3BFF7428E1B4E10014A752 /* TextureLibrary.swift in Sources */,
				CE3BFF9828E451F00014A752 /* LightManager.swift in Sources */,
				CE3BFF6B28E1B4C10014A752 /* Assets.swift in Sources */,
				CE3BFF3728E059920014A752 /* Keyboard.swift in Sources */,
				CE3BFF6628E1B2DF0014A752 /* SamplerStateLibrary.swift in Sources */,
				CE3BFF8028E2FCF50014A752 /* Node.swift in Sources */,
				CE3BFF3A28E0599F0014A752 /* MetalTypes.swift in Sources */,
				CE3BFF3828E059950014A752 /* Keycodes.swift in Sources */,
				CE3BFFA128E452480014A752 /* DebugCamera.swift in Sources */,
				CE3BFF3F28E059B60014A752 /* InstancedShaders.metal in Sources */,
				CE7F483C28B76FF60082B197 /* Renderer.swift in Sources */,
				CE3BFFA928E453260014A752 /* Sun.swift in Sources */,
				CE3BFF4028E059B60014A752 /* Lighting.metal in Sources */,
				CE7F48D528BCB4DD0082B197 /* GameView.swift in Sources */,
				CE7F483828B76FE30082B197 /* Shaders.metal in Sources */,
			);
			runOnlyForDeploymentPostprocessing = 0;
		};
/* End PBXSourcesBuildPhase section */

/* Begin PBXVariantGroup section */
		CE7F47FA28B758920082B197 /* Main.storyboard */ = {
			isa = PBXVariantGroup;
			children = (
				CE7F47FB28B758920082B197 /* Base */,
			);
			name = Main.storyboard;
			sourceTree = "<group>";
		};
		CE7F47FD28B758920082B197 /* LaunchScreen.storyboard */ = {
			isa = PBXVariantGroup;
			children = (
				CE7F47FE28B758920082B197 /* Base */,
			);
			name = LaunchScreen.storyboard;
			sourceTree = "<group>";
		};
		CE7F480A28B758920082B197 /* Main.storyboard */ = {
			isa = PBXVariantGroup;
			children = (
				CE7F480B28B758920082B197 /* Base */,
			);
			name = Main.storyboard;
			sourceTree = "<group>";
		};
		CE7F480D28B758920082B197 /* LaunchScreen.storyboard */ = {
			isa = PBXVariantGroup;
			children = (
				CE7F480E28B758920082B197 /* Base */,
			);
			name = LaunchScreen.storyboard;
			sourceTree = "<group>";
		};
		CE7F481A28B758920082B197 /* Main.storyboard */ = {
			isa = PBXVariantGroup;
			children = (
				CE7F481B28B758920082B197 /* Base */,
			);
			name = Main.storyboard;
			sourceTree = "<group>";
		};
/* End PBXVariantGroup section */

/* Begin XCBuildConfiguration section */
		CE7F482A28B758920082B197 /* Debug */ = {
			isa = XCBuildConfiguration;
			buildSettings = {
				ALWAYS_SEARCH_USER_PATHS = NO;
				CLANG_ANALYZER_NONNULL = YES;
				CLANG_ANALYZER_NUMBER_OBJECT_CONVERSION = YES_AGGRESSIVE;
				CLANG_CXX_LANGUAGE_STANDARD = "gnu++17";
				CLANG_ENABLE_MODULES = YES;
				CLANG_ENABLE_OBJC_ARC = YES;
				CLANG_ENABLE_OBJC_WEAK = YES;
				CLANG_WARN_BLOCK_CAPTURE_AUTORELEASING = YES;
				CLANG_WARN_BOOL_CONVERSION = YES;
				CLANG_WARN_COMMA = YES;
				CLANG_WARN_CONSTANT_CONVERSION = YES;
				CLANG_WARN_DEPRECATED_OBJC_IMPLEMENTATIONS = YES;
				CLANG_WARN_DIRECT_OBJC_ISA_USAGE = YES_ERROR;
				CLANG_WARN_DOCUMENTATION_COMMENTS = YES;
				CLANG_WARN_EMPTY_BODY = YES;
				CLANG_WARN_ENUM_CONVERSION = YES;
				CLANG_WARN_INFINITE_RECURSION = YES;
				CLANG_WARN_INT_CONVERSION = YES;
				CLANG_WARN_NON_LITERAL_NULL_CONVERSION = YES;
				CLANG_WARN_OBJC_IMPLICIT_RETAIN_SELF = YES;
				CLANG_WARN_OBJC_LITERAL_CONVERSION = YES;
				CLANG_WARN_OBJC_ROOT_CLASS = YES_ERROR;
				CLANG_WARN_QUOTED_INCLUDE_IN_FRAMEWORK_HEADER = YES;
				CLANG_WARN_RANGE_LOOP_ANALYSIS = YES;
				CLANG_WARN_STRICT_PROTOTYPES = YES;
				CLANG_WARN_SUSPICIOUS_MOVE = YES;
				CLANG_WARN_UNGUARDED_AVAILABILITY = YES_AGGRESSIVE;
				CLANG_WARN_UNREACHABLE_CODE = YES;
				CLANG_WARN__DUPLICATE_METHOD_MATCH = YES;
				COPY_PHASE_STRIP = NO;
				DEAD_CODE_STRIPPING = YES;
				DEBUG_INFORMATION_FORMAT = dwarf;
				ENABLE_STRICT_OBJC_MSGSEND = YES;
				ENABLE_TESTABILITY = YES;
				GCC_C_LANGUAGE_STANDARD = gnu11;
				GCC_DYNAMIC_NO_PIC = NO;
				GCC_NO_COMMON_BLOCKS = YES;
				GCC_OPTIMIZATION_LEVEL = 0;
				GCC_PREPROCESSOR_DEFINITIONS = (
					"DEBUG=1",
					"$(inherited)",
				);
				GCC_WARN_64_TO_32_BIT_CONVERSION = YES;
				GCC_WARN_ABOUT_RETURN_TYPE = YES_ERROR;
				GCC_WARN_UNDECLARED_SELECTOR = YES;
				GCC_WARN_UNINITIALIZED_AUTOS = YES_AGGRESSIVE;
				GCC_WARN_UNUSED_FUNCTION = YES;
				GCC_WARN_UNUSED_VARIABLE = YES;
				MTL_ENABLE_DEBUG_INFO = INCLUDE_SOURCE;
				MTL_FAST_MATH = YES;
				ONLY_ACTIVE_ARCH = YES;
				SWIFT_ACTIVE_COMPILATION_CONDITIONS = DEBUG;
				SWIFT_OPTIMIZATION_LEVEL = "-Onone";
			};
			name = Debug;
		};
		CE7F482B28B758920082B197 /* Release */ = {
			isa = XCBuildConfiguration;
			buildSettings = {
				ALWAYS_SEARCH_USER_PATHS = NO;
				CLANG_ANALYZER_NONNULL = YES;
				CLANG_ANALYZER_NUMBER_OBJECT_CONVERSION = YES_AGGRESSIVE;
				CLANG_CXX_LANGUAGE_STANDARD = "gnu++17";
				CLANG_ENABLE_MODULES = YES;
				CLANG_ENABLE_OBJC_ARC = YES;
				CLANG_ENABLE_OBJC_WEAK = YES;
				CLANG_WARN_BLOCK_CAPTURE_AUTORELEASING = YES;
				CLANG_WARN_BOOL_CONVERSION = YES;
				CLANG_WARN_COMMA = YES;
				CLANG_WARN_CONSTANT_CONVERSION = YES;
				CLANG_WARN_DEPRECATED_OBJC_IMPLEMENTATIONS = YES;
				CLANG_WARN_DIRECT_OBJC_ISA_USAGE = YES_ERROR;
				CLANG_WARN_DOCUMENTATION_COMMENTS = YES;
				CLANG_WARN_EMPTY_BODY = YES;
				CLANG_WARN_ENUM_CONVERSION = YES;
				CLANG_WARN_INFINITE_RECURSION = YES;
				CLANG_WARN_INT_CONVERSION = YES;
				CLANG_WARN_NON_LITERAL_NULL_CONVERSION = YES;
				CLANG_WARN_OBJC_IMPLICIT_RETAIN_SELF = YES;
				CLANG_WARN_OBJC_LITERAL_CONVERSION = YES;
				CLANG_WARN_OBJC_ROOT_CLASS = YES_ERROR;
				CLANG_WARN_QUOTED_INCLUDE_IN_FRAMEWORK_HEADER = YES;
				CLANG_WARN_RANGE_LOOP_ANALYSIS = YES;
				CLANG_WARN_STRICT_PROTOTYPES = YES;
				CLANG_WARN_SUSPICIOUS_MOVE = YES;
				CLANG_WARN_UNGUARDED_AVAILABILITY = YES_AGGRESSIVE;
				CLANG_WARN_UNREACHABLE_CODE = YES;
				CLANG_WARN__DUPLICATE_METHOD_MATCH = YES;
				COPY_PHASE_STRIP = NO;
				DEAD_CODE_STRIPPING = YES;
				DEBUG_INFORMATION_FORMAT = "dwarf-with-dsym";
				ENABLE_NS_ASSERTIONS = NO;
				ENABLE_STRICT_OBJC_MSGSEND = YES;
				GCC_C_LANGUAGE_STANDARD = gnu11;
				GCC_NO_COMMON_BLOCKS = YES;
				GCC_WARN_64_TO_32_BIT_CONVERSION = YES;
				GCC_WARN_ABOUT_RETURN_TYPE = YES_ERROR;
				GCC_WARN_UNDECLARED_SELECTOR = YES;
				GCC_WARN_UNINITIALIZED_AUTOS = YES_AGGRESSIVE;
				GCC_WARN_UNUSED_FUNCTION = YES;
				GCC_WARN_UNUSED_VARIABLE = YES;
				MTL_ENABLE_DEBUG_INFO = NO;
				MTL_FAST_MATH = YES;
				SWIFT_COMPILATION_MODE = wholemodule;
				SWIFT_OPTIMIZATION_LEVEL = "-O";
			};
			name = Release;
		};
		CE7F482D28B758920082B197 /* Debug */ = {
			isa = XCBuildConfiguration;
			buildSettings = {
				ASSETCATALOG_COMPILER_APPICON_NAME = AppIcon;
				ASSETCATALOG_COMPILER_GLOBAL_ACCENT_COLOR_NAME = AccentColor;
				CODE_SIGN_STYLE = Automatic;
				CURRENT_PROJECT_VERSION = 1;
				DEVELOPMENT_TEAM = W6KXUJP8M6;
				GENERATE_INFOPLIST_FILE = YES;
				INFOPLIST_KEY_UIApplicationSupportsIndirectInputEvents = YES;
				INFOPLIST_KEY_UILaunchStoryboardName = LaunchScreen;
				INFOPLIST_KEY_UIMainStoryboardFile = Main;
				INFOPLIST_KEY_UIStatusBarHidden = YES;
				INFOPLIST_KEY_UISupportedInterfaceOrientations_iPad = "UIInterfaceOrientationPortrait UIInterfaceOrientationPortraitUpsideDown UIInterfaceOrientationLandscapeLeft UIInterfaceOrientationLandscapeRight";
				INFOPLIST_KEY_UISupportedInterfaceOrientations_iPhone = "UIInterfaceOrientationPortrait UIInterfaceOrientationLandscapeLeft UIInterfaceOrientationLandscapeRight";
				IPHONEOS_DEPLOYMENT_TARGET = 15.5;
				LD_RUNPATH_SEARCH_PATHS = (
					"$(inherited)",
					"@executable_path/Frameworks",
				);
				MARKETING_VERSION = 1.0;
				PRODUCT_BUNDLE_IDENTIFIER = com.tinoml.dev.ToyFlightSimulator;
				PRODUCT_NAME = ToyFlightSimulator;
				SDKROOT = iphoneos;
				SWIFT_EMIT_LOC_STRINGS = YES;
				SWIFT_OBJC_BRIDGING_HEADER = "ToyFlightSimulator Shared/ShaderTypes.h";
				SWIFT_VERSION = 5.0;
				TARGETED_DEVICE_FAMILY = "1,2";
			};
			name = Debug;
		};
		CE7F482E28B758920082B197 /* Release */ = {
			isa = XCBuildConfiguration;
			buildSettings = {
				ASSETCATALOG_COMPILER_APPICON_NAME = AppIcon;
				ASSETCATALOG_COMPILER_GLOBAL_ACCENT_COLOR_NAME = AccentColor;
				CODE_SIGN_STYLE = Automatic;
				CURRENT_PROJECT_VERSION = 1;
				DEVELOPMENT_TEAM = W6KXUJP8M6;
				GENERATE_INFOPLIST_FILE = YES;
				INFOPLIST_KEY_UIApplicationSupportsIndirectInputEvents = YES;
				INFOPLIST_KEY_UILaunchStoryboardName = LaunchScreen;
				INFOPLIST_KEY_UIMainStoryboardFile = Main;
				INFOPLIST_KEY_UIStatusBarHidden = YES;
				INFOPLIST_KEY_UISupportedInterfaceOrientations_iPad = "UIInterfaceOrientationPortrait UIInterfaceOrientationPortraitUpsideDown UIInterfaceOrientationLandscapeLeft UIInterfaceOrientationLandscapeRight";
				INFOPLIST_KEY_UISupportedInterfaceOrientations_iPhone = "UIInterfaceOrientationPortrait UIInterfaceOrientationLandscapeLeft UIInterfaceOrientationLandscapeRight";
				IPHONEOS_DEPLOYMENT_TARGET = 15.5;
				LD_RUNPATH_SEARCH_PATHS = (
					"$(inherited)",
					"@executable_path/Frameworks",
				);
				MARKETING_VERSION = 1.0;
				PRODUCT_BUNDLE_IDENTIFIER = com.tinoml.dev.ToyFlightSimulator;
				PRODUCT_NAME = ToyFlightSimulator;
				SDKROOT = iphoneos;
				SWIFT_EMIT_LOC_STRINGS = YES;
				SWIFT_OBJC_BRIDGING_HEADER = "ToyFlightSimulator Shared/ShaderTypes.h";
				SWIFT_VERSION = 5.0;
				TARGETED_DEVICE_FAMILY = "1,2";
				VALIDATE_PRODUCT = YES;
			};
			name = Release;
		};
		CE7F483028B758920082B197 /* Debug */ = {
			isa = XCBuildConfiguration;
			buildSettings = {
				ASSETCATALOG_COMPILER_APPICON_NAME = "tvOS App Icon & Top Shelf Image";
				ASSETCATALOG_COMPILER_GLOBAL_ACCENT_COLOR_NAME = AccentColor;
				CODE_SIGN_STYLE = Automatic;
				CURRENT_PROJECT_VERSION = 1;
				DEVELOPMENT_TEAM = W6KXUJP8M6;
				GENERATE_INFOPLIST_FILE = YES;
				INFOPLIST_KEY_UILaunchStoryboardName = LaunchScreen;
				INFOPLIST_KEY_UIMainStoryboardFile = Main;
				INFOPLIST_KEY_UIUserInterfaceStyle = Automatic;
				LD_RUNPATH_SEARCH_PATHS = (
					"$(inherited)",
					"@executable_path/Frameworks",
				);
				MARKETING_VERSION = 1.0;
				PRODUCT_BUNDLE_IDENTIFIER = com.tinoml.dev.ToyFlightSimulator;
				PRODUCT_NAME = ToyFlightSimulator;
				SDKROOT = appletvos;
				SWIFT_EMIT_LOC_STRINGS = YES;
				SWIFT_OBJC_BRIDGING_HEADER = "ToyFlightSimulator Shared/ShaderTypes.h";
				SWIFT_VERSION = 5.0;
				TARGETED_DEVICE_FAMILY = 3;
				TVOS_DEPLOYMENT_TARGET = 15.4;
			};
			name = Debug;
		};
		CE7F483128B758920082B197 /* Release */ = {
			isa = XCBuildConfiguration;
			buildSettings = {
				ASSETCATALOG_COMPILER_APPICON_NAME = "tvOS App Icon & Top Shelf Image";
				ASSETCATALOG_COMPILER_GLOBAL_ACCENT_COLOR_NAME = AccentColor;
				CODE_SIGN_STYLE = Automatic;
				CURRENT_PROJECT_VERSION = 1;
				DEVELOPMENT_TEAM = W6KXUJP8M6;
				GENERATE_INFOPLIST_FILE = YES;
				INFOPLIST_KEY_UILaunchStoryboardName = LaunchScreen;
				INFOPLIST_KEY_UIMainStoryboardFile = Main;
				INFOPLIST_KEY_UIUserInterfaceStyle = Automatic;
				LD_RUNPATH_SEARCH_PATHS = (
					"$(inherited)",
					"@executable_path/Frameworks",
				);
				MARKETING_VERSION = 1.0;
				PRODUCT_BUNDLE_IDENTIFIER = com.tinoml.dev.ToyFlightSimulator;
				PRODUCT_NAME = ToyFlightSimulator;
				SDKROOT = appletvos;
				SWIFT_EMIT_LOC_STRINGS = YES;
				SWIFT_OBJC_BRIDGING_HEADER = "ToyFlightSimulator Shared/ShaderTypes.h";
				SWIFT_VERSION = 5.0;
				TARGETED_DEVICE_FAMILY = 3;
				TVOS_DEPLOYMENT_TARGET = 15.4;
				VALIDATE_PRODUCT = YES;
			};
			name = Release;
		};
		CE7F483328B758920082B197 /* Debug */ = {
			isa = XCBuildConfiguration;
			buildSettings = {
				ASSETCATALOG_COMPILER_APPICON_NAME = AppIcon;
				ASSETCATALOG_COMPILER_GLOBAL_ACCENT_COLOR_NAME = AccentColor;
				CODE_SIGN_ENTITLEMENTS = "ToyFlightSimulator macOS/ToyFlightSimulator_macOS.entitlements";
				CODE_SIGN_IDENTITY = "-";
				CODE_SIGN_STYLE = Automatic;
				COMBINE_HIDPI_IMAGES = YES;
				CURRENT_PROJECT_VERSION = 1;
				DEAD_CODE_STRIPPING = YES;
				DEVELOPMENT_TEAM = W6KXUJP8M6;
				ENABLE_HARDENED_RUNTIME = YES;
				GENERATE_INFOPLIST_FILE = YES;
				INFOPLIST_KEY_LSApplicationCategoryType = "public.app-category.simulation-games";
				INFOPLIST_KEY_NSHumanReadableCopyright = "";
				INFOPLIST_KEY_NSMainStoryboardFile = Main;
				INFOPLIST_KEY_NSPrincipalClass = NSApplication;
				LD_RUNPATH_SEARCH_PATHS = (
					"$(inherited)",
					"@executable_path/../Frameworks",
				);
				MACOSX_DEPLOYMENT_TARGET = 12.3;
				MARKETING_VERSION = 1.0;
				PRODUCT_BUNDLE_IDENTIFIER = com.tinoml.dev.ToyFlightSimulator;
				PRODUCT_NAME = ToyFlightSimulator;
				SDKROOT = macosx;
				SWIFT_EMIT_LOC_STRINGS = YES;
				SWIFT_OBJC_BRIDGING_HEADER = "ToyFlightSimulator Shared/ShaderTypes.h";
				SWIFT_VERSION = 5.0;
			};
			name = Debug;
		};
		CE7F483428B758920082B197 /* Release */ = {
			isa = XCBuildConfiguration;
			buildSettings = {
				ASSETCATALOG_COMPILER_APPICON_NAME = AppIcon;
				ASSETCATALOG_COMPILER_GLOBAL_ACCENT_COLOR_NAME = AccentColor;
				CODE_SIGN_ENTITLEMENTS = "ToyFlightSimulator macOS/ToyFlightSimulator_macOS.entitlements";
				CODE_SIGN_IDENTITY = "-";
				CODE_SIGN_STYLE = Automatic;
				COMBINE_HIDPI_IMAGES = YES;
				CURRENT_PROJECT_VERSION = 1;
				DEAD_CODE_STRIPPING = YES;
				DEVELOPMENT_TEAM = W6KXUJP8M6;
				ENABLE_HARDENED_RUNTIME = YES;
				GENERATE_INFOPLIST_FILE = YES;
				INFOPLIST_KEY_LSApplicationCategoryType = "public.app-category.simulation-games";
				INFOPLIST_KEY_NSHumanReadableCopyright = "";
				INFOPLIST_KEY_NSMainStoryboardFile = Main;
				INFOPLIST_KEY_NSPrincipalClass = NSApplication;
				LD_RUNPATH_SEARCH_PATHS = (
					"$(inherited)",
					"@executable_path/../Frameworks",
				);
				MACOSX_DEPLOYMENT_TARGET = 12.3;
				MARKETING_VERSION = 1.0;
				PRODUCT_BUNDLE_IDENTIFIER = com.tinoml.dev.ToyFlightSimulator;
				PRODUCT_NAME = ToyFlightSimulator;
				SDKROOT = macosx;
				SWIFT_EMIT_LOC_STRINGS = YES;
				SWIFT_OBJC_BRIDGING_HEADER = "ToyFlightSimulator Shared/ShaderTypes.h";
				SWIFT_VERSION = 5.0;
			};
			name = Release;
		};
/* End XCBuildConfiguration section */

/* Begin XCConfigurationList section */
		CE7F47E928B758900082B197 /* Build configuration list for PBXProject "ToyFlightSimulator" */ = {
			isa = XCConfigurationList;
			buildConfigurations = (
				CE7F482A28B758920082B197 /* Debug */,
				CE7F482B28B758920082B197 /* Release */,
			);
			defaultConfigurationIsVisible = 0;
			defaultConfigurationName = Release;
		};
		CE7F482C28B758920082B197 /* Build configuration list for PBXNativeTarget "ToyFlightSimulator iOS" */ = {
			isa = XCConfigurationList;
			buildConfigurations = (
				CE7F482D28B758920082B197 /* Debug */,
				CE7F482E28B758920082B197 /* Release */,
			);
			defaultConfigurationIsVisible = 0;
			defaultConfigurationName = Release;
		};
		CE7F482F28B758920082B197 /* Build configuration list for PBXNativeTarget "ToyFlightSimulator tvOS" */ = {
			isa = XCConfigurationList;
			buildConfigurations = (
				CE7F483028B758920082B197 /* Debug */,
				CE7F483128B758920082B197 /* Release */,
			);
			defaultConfigurationIsVisible = 0;
			defaultConfigurationName = Release;
		};
		CE7F483228B758920082B197 /* Build configuration list for PBXNativeTarget "ToyFlightSimulator macOS" */ = {
			isa = XCConfigurationList;
			buildConfigurations = (
				CE7F483328B758920082B197 /* Debug */,
				CE7F483428B758920082B197 /* Release */,
			);
			defaultConfigurationIsVisible = 0;
			defaultConfigurationName = Release;
		};
/* End XCConfigurationList section */
	};
	rootObject = CE7F47E628B758900082B197 /* Project object */;
}
